// !$*UTF8*$!
{
	archiveVersion = 1;
	classes = {
	};
	objectVersion = 46;
	objects = {

/* Begin PBXBuildFile section */
		1AC6FB1F180E996B004C840B /* libbox2d Mac.a in Frameworks */ = {isa = PBXBuildFile; fileRef = 1AC6FAFF180E9839004C840B /* libbox2d Mac.a */; };
		1AC6FB20180E996B004C840B /* libchipmunk Mac.a in Frameworks */ = {isa = PBXBuildFile; fileRef = 1AC6FAFD180E9839004C840B /* libchipmunk Mac.a */; };
		1AC6FB21180E996B004C840B /* libcocos2dx Mac.a in Frameworks */ = {isa = PBXBuildFile; fileRef = 1AC6FAF9180E9839004C840B /* libcocos2dx Mac.a */; };
		1AC6FB22180E996B004C840B /* libcocos2dx-extensions Mac.a in Frameworks */ = {isa = PBXBuildFile; fileRef = 1AC6FAFB180E9839004C840B /* libcocos2dx-extensions Mac.a */; };
		1AC6FB23180E996B004C840B /* libCocosDenshion Mac.a in Frameworks */ = {isa = PBXBuildFile; fileRef = 1AC6FB01180E9839004C840B /* libCocosDenshion Mac.a */; };
		1AC6FB2E180E99EB004C840B /* libbox2d iOS.a in Frameworks */ = {isa = PBXBuildFile; fileRef = 1AC6FB0D180E9839004C840B /* libbox2d iOS.a */; };
		1AC6FB2F180E99EB004C840B /* libchipmunk iOS.a in Frameworks */ = {isa = PBXBuildFile; fileRef = 1AC6FB0B180E9839004C840B /* libchipmunk iOS.a */; };
		1AC6FB30180E99EB004C840B /* libcocos2dx iOS.a in Frameworks */ = {isa = PBXBuildFile; fileRef = 1AC6FB07180E9839004C840B /* libcocos2dx iOS.a */; };
		1AC6FB31180E99EB004C840B /* libcocos2dx-extensions iOS.a in Frameworks */ = {isa = PBXBuildFile; fileRef = 1AC6FB09180E9839004C840B /* libcocos2dx-extensions iOS.a */; };
		1AC6FB32180E99EB004C840B /* libCocosDenshion iOS.a in Frameworks */ = {isa = PBXBuildFile; fileRef = 1AC6FB0F180E9839004C840B /* libCocosDenshion iOS.a */; };
		1AFAF8B716D35DE700DB1158 /* AppDelegate.cpp in Sources */ = {isa = PBXBuildFile; fileRef = 1AFAF8B316D35DE700DB1158 /* AppDelegate.cpp */; };
		1D60589F0D05DD5A006BFB54 /* Foundation.framework in Frameworks */ = {isa = PBXBuildFile; fileRef = 1D30AB110D05D00D00671497 /* Foundation.framework */; };
		1DF5F4E00D08C38300B7A737 /* UIKit.framework in Frameworks */ = {isa = PBXBuildFile; fileRef = 1DF5F4DF0D08C38300B7A737 /* UIKit.framework */; };
		288765A50DF7441C002DB57D /* CoreGraphics.framework in Frameworks */ = {isa = PBXBuildFile; fileRef = 288765A40DF7441C002DB57D /* CoreGraphics.framework */; };
		503AE0F817EB97AB00D1A890 /* Icon.icns in Resources */ = {isa = PBXBuildFile; fileRef = 503AE0F617EB97AB00D1A890 /* Icon.icns */; };
		503AE10017EB989F00D1A890 /* AppController.mm in Sources */ = {isa = PBXBuildFile; fileRef = 503AE0FB17EB989F00D1A890 /* AppController.mm */; };
		503AE10117EB989F00D1A890 /* main.m in Sources */ = {isa = PBXBuildFile; fileRef = 503AE0FC17EB989F00D1A890 /* main.m */; };
		503AE10217EB989F00D1A890 /* RootViewController.mm in Sources */ = {isa = PBXBuildFile; fileRef = 503AE0FF17EB989F00D1A890 /* RootViewController.mm */; };
		503AE10517EB98FF00D1A890 /* main.cpp in Sources */ = {isa = PBXBuildFile; fileRef = 503AE10317EB98FF00D1A890 /* main.cpp */; };
		503AE11217EB99EE00D1A890 /* libcurl.dylib in Frameworks */ = {isa = PBXBuildFile; fileRef = 503AE11117EB99EE00D1A890 /* libcurl.dylib */; };
		503AE11B17EB9C5A00D1A890 /* IOKit.framework in Frameworks */ = {isa = PBXBuildFile; fileRef = 503AE11A17EB9C5A00D1A890 /* IOKit.framework */; };
		5087E75717EB910900C73F5D /* AppDelegate.cpp in Sources */ = {isa = PBXBuildFile; fileRef = 1AFAF8B316D35DE700DB1158 /* AppDelegate.cpp */; };
		5087E76317EB910900C73F5D /* Foundation.framework in Frameworks */ = {isa = PBXBuildFile; fileRef = 1D30AB110D05D00D00671497 /* Foundation.framework */; };
		5087E76517EB910900C73F5D /* CoreGraphics.framework in Frameworks */ = {isa = PBXBuildFile; fileRef = 288765A40DF7441C002DB57D /* CoreGraphics.framework */; };
		5087E76717EB910900C73F5D /* libz.dylib in Frameworks */ = {isa = PBXBuildFile; fileRef = BF170DB412928DE900B8313A /* libz.dylib */; };
		5087E76817EB910900C73F5D /* QuartzCore.framework in Frameworks */ = {isa = PBXBuildFile; fileRef = BF1C47EA1293683800B63C5D /* QuartzCore.framework */; };
		5087E76917EB910900C73F5D /* OpenAL.framework in Frameworks */ = {isa = PBXBuildFile; fileRef = D44C620B132DFF330009C878 /* OpenAL.framework */; };
		5087E76A17EB910900C73F5D /* AVFoundation.framework in Frameworks */ = {isa = PBXBuildFile; fileRef = D44C620D132DFF430009C878 /* AVFoundation.framework */; };
		5087E76B17EB910900C73F5D /* AudioToolbox.framework in Frameworks */ = {isa = PBXBuildFile; fileRef = D44C620F132DFF4E0009C878 /* AudioToolbox.framework */; };
		5087E77D17EB970100C73F5D /* Default-568h@2x.png in Resources */ = {isa = PBXBuildFile; fileRef = 5087E77217EB970100C73F5D /* Default-568h@2x.png */; };
		5087E77E17EB970100C73F5D /* Default.png in Resources */ = {isa = PBXBuildFile; fileRef = 5087E77317EB970100C73F5D /* Default.png */; };
		5087E77F17EB970100C73F5D /* Default@2x.png in Resources */ = {isa = PBXBuildFile; fileRef = 5087E77417EB970100C73F5D /* Default@2x.png */; };
		5087E78017EB970100C73F5D /* Icon-114.png in Resources */ = {isa = PBXBuildFile; fileRef = 5087E77517EB970100C73F5D /* Icon-114.png */; };
		5087E78117EB970100C73F5D /* Icon-120.png in Resources */ = {isa = PBXBuildFile; fileRef = 5087E77617EB970100C73F5D /* Icon-120.png */; };
		5087E78217EB970100C73F5D /* Icon-144.png in Resources */ = {isa = PBXBuildFile; fileRef = 5087E77717EB970100C73F5D /* Icon-144.png */; };
		5087E78317EB970100C73F5D /* Icon-152.png in Resources */ = {isa = PBXBuildFile; fileRef = 5087E77817EB970100C73F5D /* Icon-152.png */; };
		5087E78417EB970100C73F5D /* Icon-57.png in Resources */ = {isa = PBXBuildFile; fileRef = 5087E77917EB970100C73F5D /* Icon-57.png */; };
		5087E78517EB970100C73F5D /* Icon-72.png in Resources */ = {isa = PBXBuildFile; fileRef = 5087E77A17EB970100C73F5D /* Icon-72.png */; };
		5087E78617EB970100C73F5D /* Icon-76.png in Resources */ = {isa = PBXBuildFile; fileRef = 5087E77B17EB970100C73F5D /* Icon-76.png */; };
		5087E78917EB974C00C73F5D /* AppKit.framework in Frameworks */ = {isa = PBXBuildFile; fileRef = 5087E78817EB974C00C73F5D /* AppKit.framework */; };
		5087E78B17EB975400C73F5D /* OpenGL.framework in Frameworks */ = {isa = PBXBuildFile; fileRef = 5087E78A17EB975400C73F5D /* OpenGL.framework */; };
		50EF629617ECD46A001EB2F8 /* Icon-40.png in Resources */ = {isa = PBXBuildFile; fileRef = 50EF629217ECD46A001EB2F8 /* Icon-40.png */; };
		50EF629717ECD46A001EB2F8 /* Icon-58.png in Resources */ = {isa = PBXBuildFile; fileRef = 50EF629317ECD46A001EB2F8 /* Icon-58.png */; };
		50EF629817ECD46A001EB2F8 /* Icon-80.png in Resources */ = {isa = PBXBuildFile; fileRef = 50EF629417ECD46A001EB2F8 /* Icon-80.png */; };
		50EF629917ECD46A001EB2F8 /* Icon-100.png in Resources */ = {isa = PBXBuildFile; fileRef = 50EF629517ECD46A001EB2F8 /* Icon-100.png */; };
		50EF62A217ECD613001EB2F8 /* Icon-29.png in Resources */ = {isa = PBXBuildFile; fileRef = 50EF62A017ECD613001EB2F8 /* Icon-29.png */; };
		50EF62A317ECD613001EB2F8 /* Icon-50.png in Resources */ = {isa = PBXBuildFile; fileRef = 50EF62A117ECD613001EB2F8 /* Icon-50.png */; };
		BF171245129291EC00B8313A /* OpenGLES.framework in Frameworks */ = {isa = PBXBuildFile; fileRef = BF170DB012928DE900B8313A /* OpenGLES.framework */; };
		BF1712471292920000B8313A /* libz.dylib in Frameworks */ = {isa = PBXBuildFile; fileRef = BF170DB412928DE900B8313A /* libz.dylib */; };
		BF1C47F01293687400B63C5D /* QuartzCore.framework in Frameworks */ = {isa = PBXBuildFile; fileRef = BF1C47EA1293683800B63C5D /* QuartzCore.framework */; };
		D03DA6011969C6E400F57039 /* Piece.swift in Sources */ = {isa = PBXBuildFile; fileRef = D03DA6001969C6E400F57039 /* Piece.swift */; };
		D03DA6021969C6E400F57039 /* Piece.swift in Sources */ = {isa = PBXBuildFile; fileRef = D03DA6001969C6E400F57039 /* Piece.swift */; };
		D04D66C4196F26AB00E22B1E /* Action.swift in Sources */ = {isa = PBXBuildFile; fileRef = D04D66C3196F26AB00E22B1E /* Action.swift */; };
		D04D66C5196F26AB00E22B1E /* Action.swift in Sources */ = {isa = PBXBuildFile; fileRef = D04D66C3196F26AB00E22B1E /* Action.swift */; };
		D04D66C819704D2A00E22B1E /* ActionEase.mm in Sources */ = {isa = PBXBuildFile; fileRef = D04D66C719704D2A00E22B1E /* ActionEase.mm */; };
		D04D66C919704D2A00E22B1E /* ActionEase.mm in Sources */ = {isa = PBXBuildFile; fileRef = D04D66C719704D2A00E22B1E /* ActionEase.mm */; };
		D069AD3A196DB9D500664637 /* Arcade.ttf in Resources */ = {isa = PBXBuildFile; fileRef = D069AD39196DB9D500664637 /* Arcade.ttf */; };
		D069AD3B196DB9D500664637 /* Arcade.ttf in Resources */ = {isa = PBXBuildFile; fileRef = D069AD39196DB9D500664637 /* Arcade.ttf */; };
		D069ADAC196DF7DA00664637 /* drop.mp3 in Resources */ = {isa = PBXBuildFile; fileRef = D069ADA5196DF7DA00664637 /* drop.mp3 */; };
		D069ADAD196DF7DA00664637 /* drop.mp3 in Resources */ = {isa = PBXBuildFile; fileRef = D069ADA5196DF7DA00664637 /* drop.mp3 */; };
		D069ADAE196DF7DA00664637 /* go.mp3 in Resources */ = {isa = PBXBuildFile; fileRef = D069ADA6196DF7DA00664637 /* go.mp3 */; };
		D069ADAF196DF7DA00664637 /* go.mp3 in Resources */ = {isa = PBXBuildFile; fileRef = D069ADA6196DF7DA00664637 /* go.mp3 */; };
		D069ADB0196DF7DA00664637 /* level_complete.mp3 in Resources */ = {isa = PBXBuildFile; fileRef = D069ADA7196DF7DA00664637 /* level_complete.mp3 */; };
		D069ADB1196DF7DA00664637 /* level_complete.mp3 in Resources */ = {isa = PBXBuildFile; fileRef = D069ADA7196DF7DA00664637 /* level_complete.mp3 */; };
		D069ADB2196DF7DA00664637 /* line.mp3 in Resources */ = {isa = PBXBuildFile; fileRef = D069ADA8196DF7DA00664637 /* line.mp3 */; };
		D069ADB3196DF7DA00664637 /* line.mp3 in Resources */ = {isa = PBXBuildFile; fileRef = D069ADA8196DF7DA00664637 /* line.mp3 */; };
		D069ADB4196DF7DA00664637 /* move.mp3 in Resources */ = {isa = PBXBuildFile; fileRef = D069ADA9196DF7DA00664637 /* move.mp3 */; };
		D069ADB5196DF7DA00664637 /* move.mp3 in Resources */ = {isa = PBXBuildFile; fileRef = D069ADA9196DF7DA00664637 /* move.mp3 */; };
		D069ADB6196DF7DA00664637 /* no.mp3 in Resources */ = {isa = PBXBuildFile; fileRef = D069ADAA196DF7DA00664637 /* no.mp3 */; };
		D069ADB7196DF7DA00664637 /* no.mp3 in Resources */ = {isa = PBXBuildFile; fileRef = D069ADAA196DF7DA00664637 /* no.mp3 */; };
		D069ADB8196DF7DA00664637 /* oh_yeah.mp3 in Resources */ = {isa = PBXBuildFile; fileRef = D069ADAB196DF7DA00664637 /* oh_yeah.mp3 */; };
		D069ADB9196DF7DA00664637 /* oh_yeah.mp3 in Resources */ = {isa = PBXBuildFile; fileRef = D069ADAB196DF7DA00664637 /* oh_yeah.mp3 */; };
		D06FB7B51968A93A00193410 /* Action.mm in Sources */ = {isa = PBXBuildFile; fileRef = D06FB77B1968A93A00193410 /* Action.mm */; };
		D06FB7B61968A93A00193410 /* Action.mm in Sources */ = {isa = PBXBuildFile; fileRef = D06FB77B1968A93A00193410 /* Action.mm */; };
		D06FB7B71968A93A00193410 /* ActionInterval.mm in Sources */ = {isa = PBXBuildFile; fileRef = D06FB77D1968A93A00193410 /* ActionInterval.mm */; };
		D06FB7B81968A93A00193410 /* ActionInterval.mm in Sources */ = {isa = PBXBuildFile; fileRef = D06FB77D1968A93A00193410 /* ActionInterval.mm */; };
		D06FB7B91968A93A00193410 /* ActionSequence.mm in Sources */ = {isa = PBXBuildFile; fileRef = D06FB77F1968A93A00193410 /* ActionSequence.mm */; };
		D06FB7BA1968A93A00193410 /* ActionSequence.mm in Sources */ = {isa = PBXBuildFile; fileRef = D06FB77F1968A93A00193410 /* ActionSequence.mm */; };
		D06FB7BB1968A93A00193410 /* Transitions.mm in Sources */ = {isa = PBXBuildFile; fileRef = D06FB7811968A93A00193410 /* Transitions.mm */; };
		D06FB7BC1968A93A00193410 /* Transitions.mm in Sources */ = {isa = PBXBuildFile; fileRef = D06FB7811968A93A00193410 /* Transitions.mm */; };
		D06FB7BD1968A93A00193410 /* AudioEngine.mm in Sources */ = {isa = PBXBuildFile; fileRef = D06FB7841968A93A00193410 /* AudioEngine.mm */; };
		D06FB7BE1968A93A00193410 /* AudioEngine.mm in Sources */ = {isa = PBXBuildFile; fileRef = D06FB7841968A93A00193410 /* AudioEngine.mm */; };
		D06FB7C11968A93A00193410 /* Acceleration.mm in Sources */ = {isa = PBXBuildFile; fileRef = D06FB78C1968A93A00193410 /* Acceleration.mm */; };
		D06FB7C21968A93A00193410 /* Acceleration.mm in Sources */ = {isa = PBXBuildFile; fileRef = D06FB78C1968A93A00193410 /* Acceleration.mm */; };
		D06FB7C31968A93A00193410 /* Event.mm in Sources */ = {isa = PBXBuildFile; fileRef = D06FB78E1968A93A00193410 /* Event.mm */; };
		D06FB7C41968A93A00193410 /* Event.mm in Sources */ = {isa = PBXBuildFile; fileRef = D06FB78E1968A93A00193410 /* Event.mm */; };
		D06FB7C51968A93A00193410 /* EventDispatcher.mm in Sources */ = {isa = PBXBuildFile; fileRef = D06FB7901968A93A00193410 /* EventDispatcher.mm */; };
		D06FB7C61968A93A00193410 /* EventDispatcher.mm in Sources */ = {isa = PBXBuildFile; fileRef = D06FB7901968A93A00193410 /* EventDispatcher.mm */; };
		D06FB7C71968A93A00193410 /* EventListener.mm in Sources */ = {isa = PBXBuildFile; fileRef = D06FB7921968A93A00193410 /* EventListener.mm */; };
		D06FB7C81968A93A00193410 /* EventListener.mm in Sources */ = {isa = PBXBuildFile; fileRef = D06FB7921968A93A00193410 /* EventListener.mm */; };
		D06FB7C91968A93A00193410 /* EventListenerAcceleration.mm in Sources */ = {isa = PBXBuildFile; fileRef = D06FB7941968A93A00193410 /* EventListenerAcceleration.mm */; };
		D06FB7CA1968A93A00193410 /* EventListenerAcceleration.mm in Sources */ = {isa = PBXBuildFile; fileRef = D06FB7941968A93A00193410 /* EventListenerAcceleration.mm */; };
		D06FB7CB1968A93A00193410 /* EventListenerKeyboard.mm in Sources */ = {isa = PBXBuildFile; fileRef = D06FB7961968A93A00193410 /* EventListenerKeyboard.mm */; };
		D06FB7CC1968A93A00193410 /* EventListenerKeyboard.mm in Sources */ = {isa = PBXBuildFile; fileRef = D06FB7961968A93A00193410 /* EventListenerKeyboard.mm */; };
		D06FB7CD1968A93A00193410 /* EventListenerTouch.mm in Sources */ = {isa = PBXBuildFile; fileRef = D06FB7981968A93A00193410 /* EventListenerTouch.mm */; };
		D06FB7CE1968A93A00193410 /* EventListenerTouch.mm in Sources */ = {isa = PBXBuildFile; fileRef = D06FB7981968A93A00193410 /* EventListenerTouch.mm */; };
		D06FB7CF1968A93A00193410 /* Touch.mm in Sources */ = {isa = PBXBuildFile; fileRef = D06FB79A1968A93A00193410 /* Touch.mm */; };
		D06FB7D01968A93A00193410 /* Touch.mm in Sources */ = {isa = PBXBuildFile; fileRef = D06FB79A1968A93A00193410 /* Touch.mm */; };
		D06FB7D11968A93A00193410 /* Label.mm in Sources */ = {isa = PBXBuildFile; fileRef = D06FB79D1968A93A00193410 /* Label.mm */; };
		D06FB7D21968A93A00193410 /* Label.mm in Sources */ = {isa = PBXBuildFile; fileRef = D06FB79D1968A93A00193410 /* Label.mm */; };
		D06FB7D31968A93A00193410 /* Layer.mm in Sources */ = {isa = PBXBuildFile; fileRef = D06FB79F1968A93A00193410 /* Layer.mm */; };
		D06FB7D41968A93A00193410 /* Layer.mm in Sources */ = {isa = PBXBuildFile; fileRef = D06FB79F1968A93A00193410 /* Layer.mm */; };
		D06FB7D51968A93A00193410 /* Node.mm in Sources */ = {isa = PBXBuildFile; fileRef = D06FB7A11968A93A00193410 /* Node.mm */; };
		D06FB7D61968A93A00193410 /* Node.mm in Sources */ = {isa = PBXBuildFile; fileRef = D06FB7A11968A93A00193410 /* Node.mm */; };
		D06FB7D71968A93A00193410 /* Scene.mm in Sources */ = {isa = PBXBuildFile; fileRef = D06FB7A31968A93A00193410 /* Scene.mm */; };
		D06FB7D81968A93A00193410 /* Scene.mm in Sources */ = {isa = PBXBuildFile; fileRef = D06FB7A31968A93A00193410 /* Scene.mm */; };
		D06FB7D91968A93A00193410 /* Sprite.mm in Sources */ = {isa = PBXBuildFile; fileRef = D06FB7A51968A93A00193410 /* Sprite.mm */; };
		D06FB7DA1968A93A00193410 /* Sprite.mm in Sources */ = {isa = PBXBuildFile; fileRef = D06FB7A51968A93A00193410 /* Sprite.mm */; };
		D06FB7DD1968A93A00193410 /* Console.mm in Sources */ = {isa = PBXBuildFile; fileRef = D06FB7A91968A93A00193410 /* Console.mm */; };
		D06FB7DE1968A93A00193410 /* Console.mm in Sources */ = {isa = PBXBuildFile; fileRef = D06FB7A91968A93A00193410 /* Console.mm */; };
		D06FB7DF1968A93A00193410 /* Director.mm in Sources */ = {isa = PBXBuildFile; fileRef = D06FB7AB1968A93A00193410 /* Director.mm */; };
		D06FB7E01968A93A00193410 /* Director.mm in Sources */ = {isa = PBXBuildFile; fileRef = D06FB7AB1968A93A00193410 /* Director.mm */; };
		D06FB7E11968A93A00193410 /* Ref.mm in Sources */ = {isa = PBXBuildFile; fileRef = D06FB7AD1968A93A00193410 /* Ref.mm */; };
		D06FB7E21968A93A00193410 /* Ref.mm in Sources */ = {isa = PBXBuildFile; fileRef = D06FB7AD1968A93A00193410 /* Ref.mm */; };
		D06FB7E31968A93A00193410 /* Utilities.mm in Sources */ = {isa = PBXBuildFile; fileRef = D06FB7AF1968A93A00193410 /* Utilities.mm */; };
		D06FB7E41968A93A00193410 /* Utilities.mm in Sources */ = {isa = PBXBuildFile; fileRef = D06FB7AF1968A93A00193410 /* Utilities.mm */; };
		D06FB7E51968A93A00193410 /* Widget.mm in Sources */ = {isa = PBXBuildFile; fileRef = D06FB7B21968A93A00193410 /* Widget.mm */; };
		D06FB7E61968A93A00193410 /* Widget.mm in Sources */ = {isa = PBXBuildFile; fileRef = D06FB7B21968A93A00193410 /* Widget.mm */; };
		D06FB7EF1968A98C00193410 /* Block.swift in Sources */ = {isa = PBXBuildFile; fileRef = D06FB7E81968A98C00193410 /* Block.swift */; };
		D06FB7F01968A98C00193410 /* Block.swift in Sources */ = {isa = PBXBuildFile; fileRef = D06FB7E81968A98C00193410 /* Block.swift */; };
		D06FB7F11968A98C00193410 /* BlockFactory.swift in Sources */ = {isa = PBXBuildFile; fileRef = D06FB7E91968A98C00193410 /* BlockFactory.swift */; };
		D06FB7F21968A98C00193410 /* BlockFactory.swift in Sources */ = {isa = PBXBuildFile; fileRef = D06FB7E91968A98C00193410 /* BlockFactory.swift */; };
		D06FB7F31968A98C00193410 /* Board.swift in Sources */ = {isa = PBXBuildFile; fileRef = D06FB7EA1968A98C00193410 /* Board.swift */; };
		D06FB7F41968A98C00193410 /* Board.swift in Sources */ = {isa = PBXBuildFile; fileRef = D06FB7EA1968A98C00193410 /* Board.swift */; };
		D06FB7F51968A98C00193410 /* Debug.swift in Sources */ = {isa = PBXBuildFile; fileRef = D06FB7EB1968A98C00193410 /* Debug.swift */; };
		D06FB7F61968A98C00193410 /* Debug.swift in Sources */ = {isa = PBXBuildFile; fileRef = D06FB7EB1968A98C00193410 /* Debug.swift */; };
		D06FB7F71968A98C00193410 /* SceneGame.swift in Sources */ = {isa = PBXBuildFile; fileRef = D06FB7EC1968A98C00193410 /* SceneGame.swift */; };
		D06FB7F81968A98C00193410 /* SceneGame.swift in Sources */ = {isa = PBXBuildFile; fileRef = D06FB7EC1968A98C00193410 /* SceneGame.swift */; };
		D06FB7F91968A98C00193410 /* SceneMenu.swift in Sources */ = {isa = PBXBuildFile; fileRef = D06FB7ED1968A98C00193410 /* SceneMenu.swift */; };
		D06FB7FA1968A98C00193410 /* SceneMenu.swift in Sources */ = {isa = PBXBuildFile; fileRef = D06FB7ED1968A98C00193410 /* SceneMenu.swift */; };
		D06FB7FB1968A98C00193410 /* SceneSplash.swift in Sources */ = {isa = PBXBuildFile; fileRef = D06FB7EE1968A98C00193410 /* SceneSplash.swift */; };
		D06FB7FC1968A98C00193410 /* SceneSplash.swift in Sources */ = {isa = PBXBuildFile; fileRef = D06FB7EE1968A98C00193410 /* SceneSplash.swift */; };
		D081E48F196B63CD00D8887C /* tetris.mp3 in Resources */ = {isa = PBXBuildFile; fileRef = D081E480196B63CD00D8887C /* tetris.mp3 */; };
		D081E490196B63CD00D8887C /* tetris.mp3 in Resources */ = {isa = PBXBuildFile; fileRef = D081E480196B63CD00D8887C /* tetris.mp3 */; };
		D081E496196B63D900D8887C /* edunline.ttf in Resources */ = {isa = PBXBuildFile; fileRef = D081E494196B63D900D8887C /* edunline.ttf */; };
		D081E497196B63D900D8887C /* edunline.ttf in Resources */ = {isa = PBXBuildFile; fileRef = D081E494196B63D900D8887C /* edunline.ttf */; };
		D081E498196B63D900D8887C /* Marker Felt.ttf in Resources */ = {isa = PBXBuildFile; fileRef = D081E495196B63D900D8887C /* Marker Felt.ttf */; };
		D081E499196B63D900D8887C /* Marker Felt.ttf in Resources */ = {isa = PBXBuildFile; fileRef = D081E495196B63D900D8887C /* Marker Felt.ttf */; };
		D098FE611968DEEC0009723C /* Apple_Swift_Logo.png in Resources */ = {isa = PBXBuildFile; fileRef = D098FE551968DEEC0009723C /* Apple_Swift_Logo.png */; };
		D098FE621968DEEC0009723C /* Apple_Swift_Logo.png in Resources */ = {isa = PBXBuildFile; fileRef = D098FE551968DEEC0009723C /* Apple_Swift_Logo.png */; };
		D098FE631968DEEC0009723C /* blue.png in Resources */ = {isa = PBXBuildFile; fileRef = D098FE571968DEEC0009723C /* blue.png */; };
		D098FE641968DEEC0009723C /* blue.png in Resources */ = {isa = PBXBuildFile; fileRef = D098FE571968DEEC0009723C /* blue.png */; };
		D098FE651968DEEC0009723C /* cyan.png in Resources */ = {isa = PBXBuildFile; fileRef = D098FE581968DEEC0009723C /* cyan.png */; };
		D098FE661968DEEC0009723C /* cyan.png in Resources */ = {isa = PBXBuildFile; fileRef = D098FE581968DEEC0009723C /* cyan.png */; };
		D098FE671968DEEC0009723C /* green.png in Resources */ = {isa = PBXBuildFile; fileRef = D098FE591968DEEC0009723C /* green.png */; };
		D098FE681968DEEC0009723C /* green.png in Resources */ = {isa = PBXBuildFile; fileRef = D098FE591968DEEC0009723C /* green.png */; };
		D098FE691968DEEC0009723C /* grey.png in Resources */ = {isa = PBXBuildFile; fileRef = D098FE5A1968DEEC0009723C /* grey.png */; };
		D098FE6A1968DEEC0009723C /* grey.png in Resources */ = {isa = PBXBuildFile; fileRef = D098FE5A1968DEEC0009723C /* grey.png */; };
		D098FE6B1968DEEC0009723C /* magenta.png in Resources */ = {isa = PBXBuildFile; fileRef = D098FE5B1968DEEC0009723C /* magenta.png */; };
		D098FE6C1968DEEC0009723C /* magenta.png in Resources */ = {isa = PBXBuildFile; fileRef = D098FE5B1968DEEC0009723C /* magenta.png */; };
		D098FE6D1968DEEC0009723C /* orange.png in Resources */ = {isa = PBXBuildFile; fileRef = D098FE5C1968DEEC0009723C /* orange.png */; };
		D098FE6E1968DEEC0009723C /* orange.png in Resources */ = {isa = PBXBuildFile; fileRef = D098FE5C1968DEEC0009723C /* orange.png */; };
		D098FE6F1968DEEC0009723C /* red.png in Resources */ = {isa = PBXBuildFile; fileRef = D098FE5D1968DEEC0009723C /* red.png */; };
		D098FE701968DEEC0009723C /* red.png in Resources */ = {isa = PBXBuildFile; fileRef = D098FE5D1968DEEC0009723C /* red.png */; };
		D098FE711968DEEC0009723C /* yellow.png in Resources */ = {isa = PBXBuildFile; fileRef = D098FE5E1968DEEC0009723C /* yellow.png */; };
		D098FE721968DEEC0009723C /* yellow.png in Resources */ = {isa = PBXBuildFile; fileRef = D098FE5E1968DEEC0009723C /* yellow.png */; };
		D098FE731968DEEC0009723C /* splash_640x1136.png in Resources */ = {isa = PBXBuildFile; fileRef = D098FE5F1968DEEC0009723C /* splash_640x1136.png */; };
		D098FE741968DEEC0009723C /* splash_640x1136.png in Resources */ = {isa = PBXBuildFile; fileRef = D098FE5F1968DEEC0009723C /* splash_640x1136.png */; };
		D098FE751968DEEC0009723C /* startbutton.png in Resources */ = {isa = PBXBuildFile; fileRef = D098FE601968DEEC0009723C /* startbutton.png */; };
		D098FE761968DEEC0009723C /* startbutton.png in Resources */ = {isa = PBXBuildFile; fileRef = D098FE601968DEEC0009723C /* startbutton.png */; };
		D09F3FFB1968AB8E007FEC67 /* MainScene.cpp in Sources */ = {isa = PBXBuildFile; fileRef = D09F3FF91968AB8E007FEC67 /* MainScene.cpp */; };
		D09F3FFC1968AB8E007FEC67 /* MainScene.cpp in Sources */ = {isa = PBXBuildFile; fileRef = D09F3FF91968AB8E007FEC67 /* MainScene.cpp */; };
		D0CC22D2196C7643008D217D /* Images.xcassets in Resources */ = {isa = PBXBuildFile; fileRef = D0CC22D1196C7643008D217D /* Images.xcassets */; };
		D0E167FE196B744E00005057 /* Color.mm in Sources */ = {isa = PBXBuildFile; fileRef = D0E167FD196B744E00005057 /* Color.mm */; };
		D0E167FF196B744E00005057 /* Color.mm in Sources */ = {isa = PBXBuildFile; fileRef = D0E167FD196B744E00005057 /* Color.mm */; };
		D0EC23A1196B5C12002A92B6 /* background.png in Resources */ = {isa = PBXBuildFile; fileRef = D0EC23A0196B5C12002A92B6 /* background.png */; };
		D0EC23A2196B5C12002A92B6 /* background.png in Resources */ = {isa = PBXBuildFile; fileRef = D0EC23A0196B5C12002A92B6 /* background.png */; };
		D44C620C132DFF330009C878 /* OpenAL.framework in Frameworks */ = {isa = PBXBuildFile; fileRef = D44C620B132DFF330009C878 /* OpenAL.framework */; };
		D44C620E132DFF430009C878 /* AVFoundation.framework in Frameworks */ = {isa = PBXBuildFile; fileRef = D44C620D132DFF430009C878 /* AVFoundation.framework */; };
		D44C6210132DFF4E0009C878 /* AudioToolbox.framework in Frameworks */ = {isa = PBXBuildFile; fileRef = D44C620F132DFF4E0009C878 /* AudioToolbox.framework */; };
		D6B0611B1803AB670077942B /* CoreMotion.framework in Frameworks */ = {isa = PBXBuildFile; fileRef = D6B0611A1803AB670077942B /* CoreMotion.framework */; };
/* End PBXBuildFile section */

/* Begin PBXContainerItemProxy section */
		1AC6FAF8180E9839004C840B /* PBXContainerItemProxy */ = {
			isa = PBXContainerItemProxy;
			containerPortal = 1AC6FAE5180E9839004C840B /* cocos2d_libs.xcodeproj */;
			proxyType = 2;
			remoteGlobalIDString = 1551A33F158F2AB200E66CFE;
			remoteInfo = "cocos2dx Mac";
		};
		1AC6FAFA180E9839004C840B /* PBXContainerItemProxy */ = {
			isa = PBXContainerItemProxy;
			containerPortal = 1AC6FAE5180E9839004C840B /* cocos2d_libs.xcodeproj */;
			proxyType = 2;
			remoteGlobalIDString = A03F2FD617814595006731B9;
			remoteInfo = "cocos2dx-extensions Mac";
		};
		1AC6FAFC180E9839004C840B /* PBXContainerItemProxy */ = {
			isa = PBXContainerItemProxy;
			containerPortal = 1AC6FAE5180E9839004C840B /* cocos2d_libs.xcodeproj */;
			proxyType = 2;
			remoteGlobalIDString = A03F2CB81780BD04006731B9;
			remoteInfo = "chipmunk Mac";
		};
		1AC6FAFE180E9839004C840B /* PBXContainerItemProxy */ = {
			isa = PBXContainerItemProxy;
			containerPortal = 1AC6FAE5180E9839004C840B /* cocos2d_libs.xcodeproj */;
			proxyType = 2;
			remoteGlobalIDString = A03F2D9B1780BDF7006731B9;
			remoteInfo = "box2d Mac";
		};
		1AC6FB00180E9839004C840B /* PBXContainerItemProxy */ = {
			isa = PBXContainerItemProxy;
			containerPortal = 1AC6FAE5180E9839004C840B /* cocos2d_libs.xcodeproj */;
			proxyType = 2;
			remoteGlobalIDString = A03F2ED617814268006731B9;
			remoteInfo = "CocosDenshion Mac";
		};
		1AC6FB06180E9839004C840B /* PBXContainerItemProxy */ = {
			isa = PBXContainerItemProxy;
			containerPortal = 1AC6FAE5180E9839004C840B /* cocos2d_libs.xcodeproj */;
			proxyType = 2;
			remoteGlobalIDString = A07A4D641783777C0073F6A7;
			remoteInfo = "cocos2dx iOS";
		};
		1AC6FB08180E9839004C840B /* PBXContainerItemProxy */ = {
			isa = PBXContainerItemProxy;
			containerPortal = 1AC6FAE5180E9839004C840B /* cocos2d_libs.xcodeproj */;
			proxyType = 2;
			remoteGlobalIDString = A07A4EFC1783867C0073F6A7;
			remoteInfo = "cocos2dx-extensions iOS";
		};
		1AC6FB0A180E9839004C840B /* PBXContainerItemProxy */ = {
			isa = PBXContainerItemProxy;
			containerPortal = 1AC6FAE5180E9839004C840B /* cocos2d_libs.xcodeproj */;
			proxyType = 2;
			remoteGlobalIDString = A07A4F3B178387670073F6A7;
			remoteInfo = "chipmunk iOS";
		};
		1AC6FB0C180E9839004C840B /* PBXContainerItemProxy */ = {
			isa = PBXContainerItemProxy;
			containerPortal = 1AC6FAE5180E9839004C840B /* cocos2d_libs.xcodeproj */;
			proxyType = 2;
			remoteGlobalIDString = A07A4F9E1783876B0073F6A7;
			remoteInfo = "box2d iOS";
		};
		1AC6FB0E180E9839004C840B /* PBXContainerItemProxy */ = {
			isa = PBXContainerItemProxy;
			containerPortal = 1AC6FAE5180E9839004C840B /* cocos2d_libs.xcodeproj */;
			proxyType = 2;
			remoteGlobalIDString = A07A4FB4178387730073F6A7;
			remoteInfo = "CocosDenshion iOS";
		};
		1AC6FB15180E9959004C840B /* PBXContainerItemProxy */ = {
			isa = PBXContainerItemProxy;
			containerPortal = 1AC6FAE5180E9839004C840B /* cocos2d_libs.xcodeproj */;
			proxyType = 1;
			remoteGlobalIDString = 1551A33E158F2AB200E66CFE;
			remoteInfo = "cocos2dx Mac";
		};
		1AC6FB17180E9959004C840B /* PBXContainerItemProxy */ = {
			isa = PBXContainerItemProxy;
			containerPortal = 1AC6FAE5180E9839004C840B /* cocos2d_libs.xcodeproj */;
			proxyType = 1;
			remoteGlobalIDString = A03F2FC117814595006731B9;
			remoteInfo = "cocos2dx-extensions Mac";
		};
		1AC6FB19180E9959004C840B /* PBXContainerItemProxy */ = {
			isa = PBXContainerItemProxy;
			containerPortal = 1AC6FAE5180E9839004C840B /* cocos2d_libs.xcodeproj */;
			proxyType = 1;
			remoteGlobalIDString = A03F2B781780BD04006731B9;
			remoteInfo = "chipmunk Mac";
		};
		1AC6FB1B180E9959004C840B /* PBXContainerItemProxy */ = {
			isa = PBXContainerItemProxy;
			containerPortal = 1AC6FAE5180E9839004C840B /* cocos2d_libs.xcodeproj */;
			proxyType = 1;
			remoteGlobalIDString = A03F2E9817814268006731B9;
			remoteInfo = "CocosDenshion Mac";
		};
		1AC6FB1D180E9963004C840B /* PBXContainerItemProxy */ = {
			isa = PBXContainerItemProxy;
			containerPortal = 1AC6FAE5180E9839004C840B /* cocos2d_libs.xcodeproj */;
			proxyType = 1;
			remoteGlobalIDString = A03F2D5D1780BDF7006731B9;
			remoteInfo = "box2d Mac";
		};
		1AC6FB24180E99E1004C840B /* PBXContainerItemProxy */ = {
			isa = PBXContainerItemProxy;
			containerPortal = 1AC6FAE5180E9839004C840B /* cocos2d_libs.xcodeproj */;
			proxyType = 1;
			remoteGlobalIDString = A07A4C241783777C0073F6A7;
			remoteInfo = "cocos2dx iOS";
		};
		1AC6FB26180E99E1004C840B /* PBXContainerItemProxy */ = {
			isa = PBXContainerItemProxy;
			containerPortal = 1AC6FAE5180E9839004C840B /* cocos2d_libs.xcodeproj */;
			proxyType = 1;
			remoteGlobalIDString = A07A4E111783867C0073F6A7;
			remoteInfo = "cocos2dx-extensions iOS";
		};
		1AC6FB28180E99E1004C840B /* PBXContainerItemProxy */ = {
			isa = PBXContainerItemProxy;
			containerPortal = 1AC6FAE5180E9839004C840B /* cocos2d_libs.xcodeproj */;
			proxyType = 1;
			remoteGlobalIDString = A07A4EFD178387670073F6A7;
			remoteInfo = "chipmunk iOS";
		};
		1AC6FB2A180E99E1004C840B /* PBXContainerItemProxy */ = {
			isa = PBXContainerItemProxy;
			containerPortal = 1AC6FAE5180E9839004C840B /* cocos2d_libs.xcodeproj */;
			proxyType = 1;
			remoteGlobalIDString = A07A4F3C1783876B0073F6A7;
			remoteInfo = "box2d iOS";
		};
		1AC6FB2C180E99E1004C840B /* PBXContainerItemProxy */ = {
			isa = PBXContainerItemProxy;
			containerPortal = 1AC6FAE5180E9839004C840B /* cocos2d_libs.xcodeproj */;
			proxyType = 1;
			remoteGlobalIDString = A07A4F9F178387730073F6A7;
			remoteInfo = "CocosDenshion iOS";
		};
/* End PBXContainerItemProxy section */

/* Begin PBXFileReference section */
		1AC6FAE5180E9839004C840B /* cocos2d_libs.xcodeproj */ = {isa = PBXFileReference; lastKnownFileType = "wrapper.pb-project"; name = cocos2d_libs.xcodeproj; path = ../cocos2d/build/cocos2d_libs.xcodeproj; sourceTree = "<group>"; };
		1ACB3243164770DE00914215 /* libcurl.a */ = {isa = PBXFileReference; lastKnownFileType = archive.ar; name = libcurl.a; path = ../../cocos2dx/platform/third_party/ios/libraries/libcurl.a; sourceTree = "<group>"; };
		1AFAF8B316D35DE700DB1158 /* AppDelegate.cpp */ = {isa = PBXFileReference; fileEncoding = 4; lastKnownFileType = sourcecode.cpp.cpp; name = AppDelegate.cpp; path = ../Classes/AppDelegate.cpp; sourceTree = "<group>"; };
		1AFAF8B416D35DE700DB1158 /* AppDelegate.h */ = {isa = PBXFileReference; fileEncoding = 4; lastKnownFileType = sourcecode.c.h; name = AppDelegate.h; path = ../Classes/AppDelegate.h; sourceTree = "<group>"; };
		1D30AB110D05D00D00671497 /* Foundation.framework */ = {isa = PBXFileReference; lastKnownFileType = wrapper.framework; name = Foundation.framework; path = System/Library/Frameworks/Foundation.framework; sourceTree = SDKROOT; };
		1D6058910D05DD3D006BFB54 /* SwiftTetris iOS.app */ = {isa = PBXFileReference; explicitFileType = wrapper.application; includeInIndex = 0; path = "SwiftTetris iOS.app"; sourceTree = BUILT_PRODUCTS_DIR; };
		1DF5F4DF0D08C38300B7A737 /* UIKit.framework */ = {isa = PBXFileReference; lastKnownFileType = wrapper.framework; name = UIKit.framework; path = System/Library/Frameworks/UIKit.framework; sourceTree = SDKROOT; };
		288765A40DF7441C002DB57D /* CoreGraphics.framework */ = {isa = PBXFileReference; lastKnownFileType = wrapper.framework; name = CoreGraphics.framework; path = System/Library/Frameworks/CoreGraphics.framework; sourceTree = SDKROOT; };
		503AE0F617EB97AB00D1A890 /* Icon.icns */ = {isa = PBXFileReference; lastKnownFileType = image.icns; path = Icon.icns; sourceTree = "<group>"; };
		503AE0F717EB97AB00D1A890 /* Info.plist */ = {isa = PBXFileReference; fileEncoding = 4; lastKnownFileType = text.plist.xml; path = Info.plist; sourceTree = "<group>"; };
		503AE0FA17EB989F00D1A890 /* AppController.h */ = {isa = PBXFileReference; fileEncoding = 4; lastKnownFileType = sourcecode.c.h; name = AppController.h; path = ios/AppController.h; sourceTree = SOURCE_ROOT; };
		503AE0FB17EB989F00D1A890 /* AppController.mm */ = {isa = PBXFileReference; fileEncoding = 4; lastKnownFileType = sourcecode.cpp.objcpp; name = AppController.mm; path = ios/AppController.mm; sourceTree = SOURCE_ROOT; };
		503AE0FC17EB989F00D1A890 /* main.m */ = {isa = PBXFileReference; fileEncoding = 4; lastKnownFileType = sourcecode.c.objc; name = main.m; path = ios/main.m; sourceTree = SOURCE_ROOT; };
		503AE0FD17EB989F00D1A890 /* Prefix.pch */ = {isa = PBXFileReference; fileEncoding = 4; lastKnownFileType = sourcecode.c.h; name = Prefix.pch; path = ios/Prefix.pch; sourceTree = SOURCE_ROOT; };
		503AE0FE17EB989F00D1A890 /* RootViewController.h */ = {isa = PBXFileReference; fileEncoding = 4; lastKnownFileType = sourcecode.c.h; name = RootViewController.h; path = ios/RootViewController.h; sourceTree = SOURCE_ROOT; };
		503AE0FF17EB989F00D1A890 /* RootViewController.mm */ = {isa = PBXFileReference; fileEncoding = 4; lastKnownFileType = sourcecode.cpp.objcpp; name = RootViewController.mm; path = ios/RootViewController.mm; sourceTree = SOURCE_ROOT; };
		503AE10317EB98FF00D1A890 /* main.cpp */ = {isa = PBXFileReference; fileEncoding = 4; lastKnownFileType = sourcecode.cpp.cpp; name = main.cpp; path = mac/main.cpp; sourceTree = "<group>"; };
		503AE10417EB98FF00D1A890 /* Prefix.pch */ = {isa = PBXFileReference; fileEncoding = 4; lastKnownFileType = sourcecode.c.h; name = Prefix.pch; path = mac/Prefix.pch; sourceTree = "<group>"; };
		503AE11117EB99EE00D1A890 /* libcurl.dylib */ = {isa = PBXFileReference; lastKnownFileType = "compiled.mach-o.dylib"; name = libcurl.dylib; path = usr/lib/libcurl.dylib; sourceTree = SDKROOT; };
		503AE11A17EB9C5A00D1A890 /* IOKit.framework */ = {isa = PBXFileReference; lastKnownFileType = wrapper.framework; name = IOKit.framework; path = System/Library/Frameworks/IOKit.framework; sourceTree = SDKROOT; };
		5087E76F17EB910900C73F5D /* SwiftTetris Mac.app */ = {isa = PBXFileReference; explicitFileType = wrapper.application; includeInIndex = 0; path = "SwiftTetris Mac.app"; sourceTree = BUILT_PRODUCTS_DIR; };
		5087E77217EB970100C73F5D /* Default-568h@2x.png */ = {isa = PBXFileReference; lastKnownFileType = image.png; path = "Default-568h@2x.png"; sourceTree = "<group>"; };
		5087E77317EB970100C73F5D /* Default.png */ = {isa = PBXFileReference; lastKnownFileType = image.png; path = Default.png; sourceTree = "<group>"; };
		5087E77417EB970100C73F5D /* Default@2x.png */ = {isa = PBXFileReference; lastKnownFileType = image.png; path = "Default@2x.png"; sourceTree = "<group>"; };
		5087E77517EB970100C73F5D /* Icon-114.png */ = {isa = PBXFileReference; lastKnownFileType = image.png; path = "Icon-114.png"; sourceTree = "<group>"; };
		5087E77617EB970100C73F5D /* Icon-120.png */ = {isa = PBXFileReference; lastKnownFileType = image.png; path = "Icon-120.png"; sourceTree = "<group>"; };
		5087E77717EB970100C73F5D /* Icon-144.png */ = {isa = PBXFileReference; lastKnownFileType = image.png; path = "Icon-144.png"; sourceTree = "<group>"; };
		5087E77817EB970100C73F5D /* Icon-152.png */ = {isa = PBXFileReference; lastKnownFileType = image.png; path = "Icon-152.png"; sourceTree = "<group>"; };
		5087E77917EB970100C73F5D /* Icon-57.png */ = {isa = PBXFileReference; lastKnownFileType = image.png; path = "Icon-57.png"; sourceTree = "<group>"; };
		5087E77A17EB970100C73F5D /* Icon-72.png */ = {isa = PBXFileReference; lastKnownFileType = image.png; path = "Icon-72.png"; sourceTree = "<group>"; };
		5087E77B17EB970100C73F5D /* Icon-76.png */ = {isa = PBXFileReference; lastKnownFileType = image.png; path = "Icon-76.png"; sourceTree = "<group>"; };
		5087E77C17EB970100C73F5D /* Info.plist */ = {isa = PBXFileReference; fileEncoding = 4; lastKnownFileType = text.plist.xml; path = Info.plist; sourceTree = "<group>"; };
		5087E78817EB974C00C73F5D /* AppKit.framework */ = {isa = PBXFileReference; lastKnownFileType = wrapper.framework; name = AppKit.framework; path = System/Library/Frameworks/AppKit.framework; sourceTree = SDKROOT; };
		5087E78A17EB975400C73F5D /* OpenGL.framework */ = {isa = PBXFileReference; lastKnownFileType = wrapper.framework; name = OpenGL.framework; path = System/Library/Frameworks/OpenGL.framework; sourceTree = SDKROOT; };
		50EF629217ECD46A001EB2F8 /* Icon-40.png */ = {isa = PBXFileReference; lastKnownFileType = image.png; path = "Icon-40.png"; sourceTree = "<group>"; };
		50EF629317ECD46A001EB2F8 /* Icon-58.png */ = {isa = PBXFileReference; lastKnownFileType = image.png; path = "Icon-58.png"; sourceTree = "<group>"; };
		50EF629417ECD46A001EB2F8 /* Icon-80.png */ = {isa = PBXFileReference; lastKnownFileType = image.png; path = "Icon-80.png"; sourceTree = "<group>"; };
		50EF629517ECD46A001EB2F8 /* Icon-100.png */ = {isa = PBXFileReference; lastKnownFileType = image.png; path = "Icon-100.png"; sourceTree = "<group>"; };
		50EF62A017ECD613001EB2F8 /* Icon-29.png */ = {isa = PBXFileReference; lastKnownFileType = image.png; path = "Icon-29.png"; sourceTree = "<group>"; };
		50EF62A117ECD613001EB2F8 /* Icon-50.png */ = {isa = PBXFileReference; lastKnownFileType = image.png; path = "Icon-50.png"; sourceTree = "<group>"; };
		BF170DB012928DE900B8313A /* OpenGLES.framework */ = {isa = PBXFileReference; lastKnownFileType = wrapper.framework; name = OpenGLES.framework; path = System/Library/Frameworks/OpenGLES.framework; sourceTree = SDKROOT; };
		BF170DB412928DE900B8313A /* libz.dylib */ = {isa = PBXFileReference; lastKnownFileType = "compiled.mach-o.dylib"; name = libz.dylib; path = usr/lib/libz.dylib; sourceTree = SDKROOT; };
		BF1C47EA1293683800B63C5D /* QuartzCore.framework */ = {isa = PBXFileReference; lastKnownFileType = wrapper.framework; name = QuartzCore.framework; path = System/Library/Frameworks/QuartzCore.framework; sourceTree = SDKROOT; };
		D03DA6001969C6E400F57039 /* Piece.swift */ = {isa = PBXFileReference; fileEncoding = 4; lastKnownFileType = sourcecode.swift; path = Piece.swift; sourceTree = "<group>"; };
		D04D66C3196F26AB00E22B1E /* Action.swift */ = {isa = PBXFileReference; fileEncoding = 4; lastKnownFileType = sourcecode.swift; path = Action.swift; sourceTree = "<group>"; };
		D04D66C619704D2A00E22B1E /* ActionEase.h */ = {isa = PBXFileReference; fileEncoding = 4; lastKnownFileType = sourcecode.c.h; path = ActionEase.h; sourceTree = "<group>"; };
		D04D66C719704D2A00E22B1E /* ActionEase.mm */ = {isa = PBXFileReference; fileEncoding = 4; lastKnownFileType = sourcecode.cpp.objcpp; path = ActionEase.mm; sourceTree = "<group>"; };
		D069AD39196DB9D500664637 /* Arcade.ttf */ = {isa = PBXFileReference; lastKnownFileType = file; path = Arcade.ttf; sourceTree = "<group>"; };
		D069ADA5196DF7DA00664637 /* drop.mp3 */ = {isa = PBXFileReference; lastKnownFileType = audio.mp3; path = drop.mp3; sourceTree = "<group>"; };
		D069ADA6196DF7DA00664637 /* go.mp3 */ = {isa = PBXFileReference; lastKnownFileType = audio.mp3; path = go.mp3; sourceTree = "<group>"; };
		D069ADA7196DF7DA00664637 /* level_complete.mp3 */ = {isa = PBXFileReference; lastKnownFileType = audio.mp3; path = level_complete.mp3; sourceTree = "<group>"; };
		D069ADA8196DF7DA00664637 /* line.mp3 */ = {isa = PBXFileReference; lastKnownFileType = audio.mp3; path = line.mp3; sourceTree = "<group>"; };
		D069ADA9196DF7DA00664637 /* move.mp3 */ = {isa = PBXFileReference; lastKnownFileType = audio.mp3; path = move.mp3; sourceTree = "<group>"; };
		D069ADAA196DF7DA00664637 /* no.mp3 */ = {isa = PBXFileReference; lastKnownFileType = audio.mp3; path = no.mp3; sourceTree = "<group>"; };
		D069ADAB196DF7DA00664637 /* oh_yeah.mp3 */ = {isa = PBXFileReference; lastKnownFileType = audio.mp3; path = oh_yeah.mp3; sourceTree = "<group>"; };
		D06FB77A1968A93A00193410 /* Action.h */ = {isa = PBXFileReference; fileEncoding = 4; lastKnownFileType = sourcecode.c.h; path = Action.h; sourceTree = "<group>"; };
		D06FB77B1968A93A00193410 /* Action.mm */ = {isa = PBXFileReference; fileEncoding = 4; lastKnownFileType = sourcecode.cpp.objcpp; path = Action.mm; sourceTree = "<group>"; };
		D06FB77C1968A93A00193410 /* ActionInterval.h */ = {isa = PBXFileReference; fileEncoding = 4; lastKnownFileType = sourcecode.c.h; path = ActionInterval.h; sourceTree = "<group>"; };
		D06FB77D1968A93A00193410 /* ActionInterval.mm */ = {isa = PBXFileReference; fileEncoding = 4; lastKnownFileType = sourcecode.cpp.objcpp; path = ActionInterval.mm; sourceTree = "<group>"; };
		D06FB77E1968A93A00193410 /* ActionSequence.h */ = {isa = PBXFileReference; fileEncoding = 4; lastKnownFileType = sourcecode.c.h; path = ActionSequence.h; sourceTree = "<group>"; };
		D06FB77F1968A93A00193410 /* ActionSequence.mm */ = {isa = PBXFileReference; fileEncoding = 4; lastKnownFileType = sourcecode.cpp.objcpp; path = ActionSequence.mm; sourceTree = "<group>"; };
		D06FB7801968A93A00193410 /* Transitions.h */ = {isa = PBXFileReference; fileEncoding = 4; lastKnownFileType = sourcecode.c.h; path = Transitions.h; sourceTree = "<group>"; };
		D06FB7811968A93A00193410 /* Transitions.mm */ = {isa = PBXFileReference; fileEncoding = 4; lastKnownFileType = sourcecode.cpp.objcpp; path = Transitions.mm; sourceTree = "<group>"; };
		D06FB7831968A93A00193410 /* AudioEngine.h */ = {isa = PBXFileReference; fileEncoding = 4; lastKnownFileType = sourcecode.c.h; path = AudioEngine.h; sourceTree = "<group>"; };
		D06FB7841968A93A00193410 /* AudioEngine.mm */ = {isa = PBXFileReference; fileEncoding = 4; lastKnownFileType = sourcecode.cpp.objcpp; path = AudioEngine.mm; sourceTree = "<group>"; };
		D06FB7871968A93A00193410 /* cocos-Bridge-Contents.h */ = {isa = PBXFileReference; fileEncoding = 4; lastKnownFileType = sourcecode.c.h; path = "cocos-Bridge-Contents.h"; sourceTree = "<group>"; };
		D06FB7881968A93A00193410 /* cocos-iOS-Bridging-Header.h */ = {isa = PBXFileReference; fileEncoding = 4; lastKnownFileType = sourcecode.c.h; path = "cocos-iOS-Bridging-Header.h"; sourceTree = "<group>"; };
		D06FB7891968A93A00193410 /* cocos-Mac-Bridging-Header.h */ = {isa = PBXFileReference; fileEncoding = 4; lastKnownFileType = sourcecode.c.h; path = "cocos-Mac-Bridging-Header.h"; sourceTree = "<group>"; };
		D06FB78B1968A93A00193410 /* Acceleration.h */ = {isa = PBXFileReference; fileEncoding = 4; lastKnownFileType = sourcecode.c.h; path = Acceleration.h; sourceTree = "<group>"; };
		D06FB78C1968A93A00193410 /* Acceleration.mm */ = {isa = PBXFileReference; fileEncoding = 4; lastKnownFileType = sourcecode.cpp.objcpp; path = Acceleration.mm; sourceTree = "<group>"; };
		D06FB78D1968A93A00193410 /* Event.h */ = {isa = PBXFileReference; fileEncoding = 4; lastKnownFileType = sourcecode.c.h; path = Event.h; sourceTree = "<group>"; };
		D06FB78E1968A93A00193410 /* Event.mm */ = {isa = PBXFileReference; fileEncoding = 4; lastKnownFileType = sourcecode.cpp.objcpp; path = Event.mm; sourceTree = "<group>"; };
		D06FB78F1968A93A00193410 /* EventDispatcher.h */ = {isa = PBXFileReference; fileEncoding = 4; lastKnownFileType = sourcecode.c.h; path = EventDispatcher.h; sourceTree = "<group>"; };
		D06FB7901968A93A00193410 /* EventDispatcher.mm */ = {isa = PBXFileReference; fileEncoding = 4; lastKnownFileType = sourcecode.cpp.objcpp; path = EventDispatcher.mm; sourceTree = "<group>"; };
		D06FB7911968A93A00193410 /* EventListener.h */ = {isa = PBXFileReference; fileEncoding = 4; lastKnownFileType = sourcecode.c.h; path = EventListener.h; sourceTree = "<group>"; };
		D06FB7921968A93A00193410 /* EventListener.mm */ = {isa = PBXFileReference; fileEncoding = 4; lastKnownFileType = sourcecode.cpp.objcpp; path = EventListener.mm; sourceTree = "<group>"; };
		D06FB7931968A93A00193410 /* EventListenerAcceleration.h */ = {isa = PBXFileReference; fileEncoding = 4; lastKnownFileType = sourcecode.c.h; path = EventListenerAcceleration.h; sourceTree = "<group>"; };
		D06FB7941968A93A00193410 /* EventListenerAcceleration.mm */ = {isa = PBXFileReference; fileEncoding = 4; lastKnownFileType = sourcecode.cpp.objcpp; path = EventListenerAcceleration.mm; sourceTree = "<group>"; };
		D06FB7951968A93A00193410 /* EventListenerKeyboard.h */ = {isa = PBXFileReference; fileEncoding = 4; lastKnownFileType = sourcecode.c.h; path = EventListenerKeyboard.h; sourceTree = "<group>"; };
		D06FB7961968A93A00193410 /* EventListenerKeyboard.mm */ = {isa = PBXFileReference; fileEncoding = 4; lastKnownFileType = sourcecode.cpp.objcpp; path = EventListenerKeyboard.mm; sourceTree = "<group>"; };
		D06FB7971968A93A00193410 /* EventListenerTouch.h */ = {isa = PBXFileReference; fileEncoding = 4; lastKnownFileType = sourcecode.c.h; path = EventListenerTouch.h; sourceTree = "<group>"; };
		D06FB7981968A93A00193410 /* EventListenerTouch.mm */ = {isa = PBXFileReference; fileEncoding = 4; lastKnownFileType = sourcecode.cpp.objcpp; path = EventListenerTouch.mm; sourceTree = "<group>"; };
		D06FB7991968A93A00193410 /* Touch.h */ = {isa = PBXFileReference; fileEncoding = 4; lastKnownFileType = sourcecode.c.h; path = Touch.h; sourceTree = "<group>"; };
		D06FB79A1968A93A00193410 /* Touch.mm */ = {isa = PBXFileReference; fileEncoding = 4; lastKnownFileType = sourcecode.cpp.objcpp; path = Touch.mm; sourceTree = "<group>"; };
		D06FB79C1968A93A00193410 /* Label.h */ = {isa = PBXFileReference; fileEncoding = 4; lastKnownFileType = sourcecode.c.h; path = Label.h; sourceTree = "<group>"; };
		D06FB79D1968A93A00193410 /* Label.mm */ = {isa = PBXFileReference; fileEncoding = 4; lastKnownFileType = sourcecode.cpp.objcpp; path = Label.mm; sourceTree = "<group>"; };
		D06FB79E1968A93A00193410 /* Layer.h */ = {isa = PBXFileReference; fileEncoding = 4; lastKnownFileType = sourcecode.c.h; path = Layer.h; sourceTree = "<group>"; };
		D06FB79F1968A93A00193410 /* Layer.mm */ = {isa = PBXFileReference; fileEncoding = 4; lastKnownFileType = sourcecode.cpp.objcpp; path = Layer.mm; sourceTree = "<group>"; };
		D06FB7A01968A93A00193410 /* Node.h */ = {isa = PBXFileReference; fileEncoding = 4; lastKnownFileType = sourcecode.c.h; path = Node.h; sourceTree = "<group>"; };
		D06FB7A11968A93A00193410 /* Node.mm */ = {isa = PBXFileReference; fileEncoding = 4; lastKnownFileType = sourcecode.cpp.objcpp; path = Node.mm; sourceTree = "<group>"; };
		D06FB7A21968A93A00193410 /* Scene.h */ = {isa = PBXFileReference; fileEncoding = 4; lastKnownFileType = sourcecode.c.h; path = Scene.h; sourceTree = "<group>"; };
		D06FB7A31968A93A00193410 /* Scene.mm */ = {isa = PBXFileReference; fileEncoding = 4; lastKnownFileType = sourcecode.cpp.objcpp; path = Scene.mm; sourceTree = "<group>"; };
		D06FB7A41968A93A00193410 /* Sprite.h */ = {isa = PBXFileReference; fileEncoding = 4; lastKnownFileType = sourcecode.c.h; path = Sprite.h; sourceTree = "<group>"; };
		D06FB7A51968A93A00193410 /* Sprite.mm */ = {isa = PBXFileReference; fileEncoding = 4; lastKnownFileType = sourcecode.cpp.objcpp; path = Sprite.mm; sourceTree = "<group>"; };
		D06FB7A81968A93A00193410 /* Console.h */ = {isa = PBXFileReference; fileEncoding = 4; lastKnownFileType = sourcecode.c.h; path = Console.h; sourceTree = "<group>"; };
		D06FB7A91968A93A00193410 /* Console.mm */ = {isa = PBXFileReference; fileEncoding = 4; lastKnownFileType = sourcecode.cpp.objcpp; path = Console.mm; sourceTree = "<group>"; };
		D06FB7AA1968A93A00193410 /* Director.h */ = {isa = PBXFileReference; fileEncoding = 4; lastKnownFileType = sourcecode.c.h; path = Director.h; sourceTree = "<group>"; };
		D06FB7AB1968A93A00193410 /* Director.mm */ = {isa = PBXFileReference; fileEncoding = 4; lastKnownFileType = sourcecode.cpp.objcpp; path = Director.mm; sourceTree = "<group>"; };
		D06FB7AC1968A93A00193410 /* Ref.h */ = {isa = PBXFileReference; fileEncoding = 4; lastKnownFileType = sourcecode.c.h; path = Ref.h; sourceTree = "<group>"; };
		D06FB7AD1968A93A00193410 /* Ref.mm */ = {isa = PBXFileReference; fileEncoding = 4; lastKnownFileType = sourcecode.cpp.objcpp; path = Ref.mm; sourceTree = "<group>"; };
		D06FB7AE1968A93A00193410 /* Utilities.h */ = {isa = PBXFileReference; fileEncoding = 4; lastKnownFileType = sourcecode.c.h; path = Utilities.h; sourceTree = "<group>"; };
		D06FB7AF1968A93A00193410 /* Utilities.mm */ = {isa = PBXFileReference; fileEncoding = 4; lastKnownFileType = sourcecode.cpp.objcpp; path = Utilities.mm; sourceTree = "<group>"; };
		D06FB7B11968A93A00193410 /* Widget.h */ = {isa = PBXFileReference; fileEncoding = 4; lastKnownFileType = sourcecode.c.h; path = Widget.h; sourceTree = "<group>"; };
		D06FB7B21968A93A00193410 /* Widget.mm */ = {isa = PBXFileReference; fileEncoding = 4; lastKnownFileType = sourcecode.cpp.objcpp; path = Widget.mm; sourceTree = "<group>"; };
		D06FB7E81968A98C00193410 /* Block.swift */ = {isa = PBXFileReference; fileEncoding = 4; lastKnownFileType = sourcecode.swift; path = Block.swift; sourceTree = "<group>"; };
		D06FB7E91968A98C00193410 /* BlockFactory.swift */ = {isa = PBXFileReference; fileEncoding = 4; lastKnownFileType = sourcecode.swift; path = BlockFactory.swift; sourceTree = "<group>"; };
		D06FB7EA1968A98C00193410 /* Board.swift */ = {isa = PBXFileReference; fileEncoding = 4; lastKnownFileType = sourcecode.swift; path = Board.swift; sourceTree = "<group>"; };
		D06FB7EB1968A98C00193410 /* Debug.swift */ = {isa = PBXFileReference; fileEncoding = 4; lastKnownFileType = sourcecode.swift; path = Debug.swift; sourceTree = "<group>"; };
		D06FB7EC1968A98C00193410 /* SceneGame.swift */ = {isa = PBXFileReference; fileEncoding = 4; lastKnownFileType = sourcecode.swift; path = SceneGame.swift; sourceTree = "<group>"; };
		D06FB7ED1968A98C00193410 /* SceneMenu.swift */ = {isa = PBXFileReference; fileEncoding = 4; lastKnownFileType = sourcecode.swift; path = SceneMenu.swift; sourceTree = "<group>"; };
		D06FB7EE1968A98C00193410 /* SceneSplash.swift */ = {isa = PBXFileReference; fileEncoding = 4; lastKnownFileType = sourcecode.swift; path = SceneSplash.swift; sourceTree = "<group>"; };
		D081E480196B63CD00D8887C /* tetris.mp3 */ = {isa = PBXFileReference; lastKnownFileType = audio.mp3; path = tetris.mp3; sourceTree = "<group>"; };
		D081E494196B63D900D8887C /* edunline.ttf */ = {isa = PBXFileReference; lastKnownFileType = file; path = edunline.ttf; sourceTree = "<group>"; };
		D081E495196B63D900D8887C /* Marker Felt.ttf */ = {isa = PBXFileReference; lastKnownFileType = file; path = "Marker Felt.ttf"; sourceTree = "<group>"; };
		D098FE551968DEEC0009723C /* Apple_Swift_Logo.png */ = {isa = PBXFileReference; lastKnownFileType = image.png; path = Apple_Swift_Logo.png; sourceTree = "<group>"; };
		D098FE571968DEEC0009723C /* blue.png */ = {isa = PBXFileReference; lastKnownFileType = image.png; path = blue.png; sourceTree = "<group>"; };
		D098FE581968DEEC0009723C /* cyan.png */ = {isa = PBXFileReference; lastKnownFileType = image.png; path = cyan.png; sourceTree = "<group>"; };
		D098FE591968DEEC0009723C /* green.png */ = {isa = PBXFileReference; lastKnownFileType = image.png; path = green.png; sourceTree = "<group>"; };
		D098FE5A1968DEEC0009723C /* grey.png */ = {isa = PBXFileReference; lastKnownFileType = image.png; path = grey.png; sourceTree = "<group>"; };
		D098FE5B1968DEEC0009723C /* magenta.png */ = {isa = PBXFileReference; lastKnownFileType = image.png; path = magenta.png; sourceTree = "<group>"; };
		D098FE5C1968DEEC0009723C /* orange.png */ = {isa = PBXFileReference; lastKnownFileType = image.png; path = orange.png; sourceTree = "<group>"; };
		D098FE5D1968DEEC0009723C /* red.png */ = {isa = PBXFileReference; lastKnownFileType = image.png; path = red.png; sourceTree = "<group>"; };
		D098FE5E1968DEEC0009723C /* yellow.png */ = {isa = PBXFileReference; lastKnownFileType = image.png; path = yellow.png; sourceTree = "<group>"; };
		D098FE5F1968DEEC0009723C /* splash_640x1136.png */ = {isa = PBXFileReference; lastKnownFileType = image.png; path = splash_640x1136.png; sourceTree = "<group>"; };
		D098FE601968DEEC0009723C /* startbutton.png */ = {isa = PBXFileReference; lastKnownFileType = image.png; path = startbutton.png; sourceTree = "<group>"; };
		D09F3FF91968AB8E007FEC67 /* MainScene.cpp */ = {isa = PBXFileReference; explicitFileType = sourcecode.cpp.objcpp.preprocessed; fileEncoding = 4; name = MainScene.cpp; path = ../Classes/MainScene.cpp; sourceTree = "<group>"; };
		D09F3FFA1968AB8E007FEC67 /* MainScene.h */ = {isa = PBXFileReference; fileEncoding = 4; lastKnownFileType = sourcecode.c.h; name = MainScene.h; path = ../Classes/MainScene.h; sourceTree = "<group>"; };
		D0CC22D1196C7643008D217D /* Images.xcassets */ = {isa = PBXFileReference; lastKnownFileType = folder.assetcatalog; name = Images.xcassets; path = "SwiftTetris Mac/Images.xcassets"; sourceTree = SOURCE_ROOT; };
		D0E167FA196B720D00005057 /* Color.h */ = {isa = PBXFileReference; lastKnownFileType = sourcecode.c.h; path = Color.h; sourceTree = "<group>"; };
		D0E167FD196B744E00005057 /* Color.mm */ = {isa = PBXFileReference; fileEncoding = 4; lastKnownFileType = sourcecode.cpp.objcpp; path = Color.mm; sourceTree = "<group>"; };
		D0EC23A0196B5C12002A92B6 /* background.png */ = {isa = PBXFileReference; lastKnownFileType = image.png; path = background.png; sourceTree = "<group>"; };
		D44C620B132DFF330009C878 /* OpenAL.framework */ = {isa = PBXFileReference; lastKnownFileType = wrapper.framework; name = OpenAL.framework; path = System/Library/Frameworks/OpenAL.framework; sourceTree = SDKROOT; };
		D44C620D132DFF430009C878 /* AVFoundation.framework */ = {isa = PBXFileReference; lastKnownFileType = wrapper.framework; name = AVFoundation.framework; path = System/Library/Frameworks/AVFoundation.framework; sourceTree = SDKROOT; };
		D44C620F132DFF4E0009C878 /* AudioToolbox.framework */ = {isa = PBXFileReference; lastKnownFileType = wrapper.framework; name = AudioToolbox.framework; path = System/Library/Frameworks/AudioToolbox.framework; sourceTree = SDKROOT; };
		D6B0611A1803AB670077942B /* CoreMotion.framework */ = {isa = PBXFileReference; lastKnownFileType = wrapper.framework; name = CoreMotion.framework; path = Platforms/iPhoneOS.platform/Developer/SDKs/iPhoneOS7.0.sdk/System/Library/Frameworks/CoreMotion.framework; sourceTree = DEVELOPER_DIR; };
/* End PBXFileReference section */

/* Begin PBXFrameworksBuildPhase section */
		1D60588F0D05DD3D006BFB54 /* Frameworks */ = {
			isa = PBXFrameworksBuildPhase;
			buildActionMask = 2147483647;
			files = (
				1AC6FB2E180E99EB004C840B /* libbox2d iOS.a in Frameworks */,
				1AC6FB2F180E99EB004C840B /* libchipmunk iOS.a in Frameworks */,
				1AC6FB30180E99EB004C840B /* libcocos2dx iOS.a in Frameworks */,
				1AC6FB31180E99EB004C840B /* libcocos2dx-extensions iOS.a in Frameworks */,
				1AC6FB32180E99EB004C840B /* libCocosDenshion iOS.a in Frameworks */,
				D6B0611B1803AB670077942B /* CoreMotion.framework in Frameworks */,
				1D60589F0D05DD5A006BFB54 /* Foundation.framework in Frameworks */,
				1DF5F4E00D08C38300B7A737 /* UIKit.framework in Frameworks */,
				288765A50DF7441C002DB57D /* CoreGraphics.framework in Frameworks */,
				BF171245129291EC00B8313A /* OpenGLES.framework in Frameworks */,
				BF1712471292920000B8313A /* libz.dylib in Frameworks */,
				BF1C47F01293687400B63C5D /* QuartzCore.framework in Frameworks */,
				D44C620C132DFF330009C878 /* OpenAL.framework in Frameworks */,
				D44C620E132DFF430009C878 /* AVFoundation.framework in Frameworks */,
				D44C6210132DFF4E0009C878 /* AudioToolbox.framework in Frameworks */,
			);
			runOnlyForDeploymentPostprocessing = 0;
		};
		5087E75C17EB910900C73F5D /* Frameworks */ = {
			isa = PBXFrameworksBuildPhase;
			buildActionMask = 2147483647;
			files = (
				1AC6FB1F180E996B004C840B /* libbox2d Mac.a in Frameworks */,
				1AC6FB20180E996B004C840B /* libchipmunk Mac.a in Frameworks */,
				1AC6FB21180E996B004C840B /* libcocos2dx Mac.a in Frameworks */,
				1AC6FB22180E996B004C840B /* libcocos2dx-extensions Mac.a in Frameworks */,
				1AC6FB23180E996B004C840B /* libCocosDenshion Mac.a in Frameworks */,
				503AE11217EB99EE00D1A890 /* libcurl.dylib in Frameworks */,
				5087E76717EB910900C73F5D /* libz.dylib in Frameworks */,
				503AE11B17EB9C5A00D1A890 /* IOKit.framework in Frameworks */,
				5087E78B17EB975400C73F5D /* OpenGL.framework in Frameworks */,
				5087E78917EB974C00C73F5D /* AppKit.framework in Frameworks */,
				5087E76317EB910900C73F5D /* Foundation.framework in Frameworks */,
				5087E76517EB910900C73F5D /* CoreGraphics.framework in Frameworks */,
				5087E76817EB910900C73F5D /* QuartzCore.framework in Frameworks */,
				5087E76917EB910900C73F5D /* OpenAL.framework in Frameworks */,
				5087E76A17EB910900C73F5D /* AVFoundation.framework in Frameworks */,
				5087E76B17EB910900C73F5D /* AudioToolbox.framework in Frameworks */,
			);
			runOnlyForDeploymentPostprocessing = 0;
		};
/* End PBXFrameworksBuildPhase section */

/* Begin PBXGroup section */
		080E96DDFE201D6D7F000001 /* ios */ = {
			isa = PBXGroup;
			children = (
				5087E77117EB970100C73F5D /* Icons */,
				503AE0FA17EB989F00D1A890 /* AppController.h */,
				503AE0FB17EB989F00D1A890 /* AppController.mm */,
				503AE0FC17EB989F00D1A890 /* main.m */,
				503AE0FD17EB989F00D1A890 /* Prefix.pch */,
				503AE0FE17EB989F00D1A890 /* RootViewController.h */,
				503AE0FF17EB989F00D1A890 /* RootViewController.mm */,
			);
			name = ios;
			path = Classes;
			sourceTree = "<group>";
		};
		15AA9C4015B7EC450033D6C2 /* Classes */ = {
			isa = PBXGroup;
			children = (
				1AFAF8B316D35DE700DB1158 /* AppDelegate.cpp */,
				1AFAF8B416D35DE700DB1158 /* AppDelegate.h */,
				D09F3FF91968AB8E007FEC67 /* MainScene.cpp */,
				D09F3FFA1968AB8E007FEC67 /* MainScene.h */,
			);
			name = Classes;
			path = ../classes;
			sourceTree = "<group>";
		};
		19C28FACFE9D520D11CA2CBB /* Products */ = {
			isa = PBXGroup;
			children = (
				1D6058910D05DD3D006BFB54 /* SwiftTetris iOS.app */,
				5087E76F17EB910900C73F5D /* SwiftTetris Mac.app */,
			);
			name = Products;
			sourceTree = "<group>";
		};
		1AC6FAE6180E9839004C840B /* Products */ = {
			isa = PBXGroup;
			children = (
				1AC6FAF9180E9839004C840B /* libcocos2dx Mac.a */,
				1AC6FAFB180E9839004C840B /* libcocos2dx-extensions Mac.a */,
				1AC6FAFD180E9839004C840B /* libchipmunk Mac.a */,
				1AC6FAFF180E9839004C840B /* libbox2d Mac.a */,
				1AC6FB01180E9839004C840B /* libCocosDenshion Mac.a */,
				1AC6FB07180E9839004C840B /* libcocos2dx iOS.a */,
				1AC6FB09180E9839004C840B /* libcocos2dx-extensions iOS.a */,
				1AC6FB0B180E9839004C840B /* libchipmunk iOS.a */,
				1AC6FB0D180E9839004C840B /* libbox2d iOS.a */,
				1AC6FB0F180E9839004C840B /* libCocosDenshion iOS.a */,
			);
			name = Products;
			sourceTree = "<group>";
		};
		29B97314FDCFA39411CA2CEA /* CustomTemplate */ = {
			isa = PBXGroup;
			children = (
				1AC6FAE5180E9839004C840B /* cocos2d_libs.xcodeproj */,
				15AA9C4015B7EC450033D6C2 /* Classes */,
				D06FB7E71968A98C00193410 /* Swift */,
				D06FB7771968A93A00193410 /* Bindings */,
				29B97323FDCFA39411CA2CEA /* Frameworks */,
				080E96DDFE201D6D7F000001 /* ios */,
				503AE10617EB990700D1A890 /* mac */,
				19C28FACFE9D520D11CA2CBB /* Products */,
				78C7DDAA14EBA5050085D0C2 /* Resources */,
			);
			name = CustomTemplate;
			sourceTree = "<group>";
		};
		29B97323FDCFA39411CA2CEA /* Frameworks */ = {
			isa = PBXGroup;
			children = (
				D6B0611A1803AB670077942B /* CoreMotion.framework */,
				503AE11A17EB9C5A00D1A890 /* IOKit.framework */,
				503AE11117EB99EE00D1A890 /* libcurl.dylib */,
				5087E78A17EB975400C73F5D /* OpenGL.framework */,
				5087E78817EB974C00C73F5D /* AppKit.framework */,
				1ACB3243164770DE00914215 /* libcurl.a */,
				BF170DB412928DE900B8313A /* libz.dylib */,
				D44C620F132DFF4E0009C878 /* AudioToolbox.framework */,
				D44C620D132DFF430009C878 /* AVFoundation.framework */,
				288765A40DF7441C002DB57D /* CoreGraphics.framework */,
				1D30AB110D05D00D00671497 /* Foundation.framework */,
				D44C620B132DFF330009C878 /* OpenAL.framework */,
				BF170DB012928DE900B8313A /* OpenGLES.framework */,
				BF1C47EA1293683800B63C5D /* QuartzCore.framework */,
				1DF5F4DF0D08C38300B7A737 /* UIKit.framework */,
			);
			name = Frameworks;
			sourceTree = "<group>";
		};
		503AE0F517EB97AB00D1A890 /* Icons */ = {
			isa = PBXGroup;
			children = (
				503AE0F617EB97AB00D1A890 /* Icon.icns */,
				503AE0F717EB97AB00D1A890 /* Info.plist */,
			);
			name = Icons;
			path = mac;
			sourceTree = SOURCE_ROOT;
		};
		503AE10617EB990700D1A890 /* mac */ = {
			isa = PBXGroup;
			children = (
				503AE0F517EB97AB00D1A890 /* Icons */,
				503AE10317EB98FF00D1A890 /* main.cpp */,
				503AE10417EB98FF00D1A890 /* Prefix.pch */,
			);
			name = mac;
			sourceTree = "<group>";
		};
		5087E77117EB970100C73F5D /* Icons */ = {
			isa = PBXGroup;
			children = (
				5087E77217EB970100C73F5D /* Default-568h@2x.png */,
				5087E77317EB970100C73F5D /* Default.png */,
				5087E77417EB970100C73F5D /* Default@2x.png */,
				50EF62A017ECD613001EB2F8 /* Icon-29.png */,
				50EF62A117ECD613001EB2F8 /* Icon-50.png */,
				50EF629217ECD46A001EB2F8 /* Icon-40.png */,
				50EF629317ECD46A001EB2F8 /* Icon-58.png */,
				50EF629417ECD46A001EB2F8 /* Icon-80.png */,
				50EF629517ECD46A001EB2F8 /* Icon-100.png */,
				5087E77517EB970100C73F5D /* Icon-114.png */,
				5087E77617EB970100C73F5D /* Icon-120.png */,
				5087E77717EB970100C73F5D /* Icon-144.png */,
				5087E77817EB970100C73F5D /* Icon-152.png */,
				5087E77917EB970100C73F5D /* Icon-57.png */,
				5087E77A17EB970100C73F5D /* Icon-72.png */,
				5087E77B17EB970100C73F5D /* Icon-76.png */,
				5087E77C17EB970100C73F5D /* Info.plist */,
			);
			name = Icons;
			path = ios;
			sourceTree = SOURCE_ROOT;
		};
		78C7DDAA14EBA5050085D0C2 /* Resources */ = {
			isa = PBXGroup;
			children = (
				D0CC22D1196C7643008D217D /* Images.xcassets */,
				D081E493196B63D900D8887C /* fonts */,
				D081E478196B63CD00D8887C /* audio */,
				D098FE551968DEEC0009723C /* Apple_Swift_Logo.png */,
				D098FE561968DEEC0009723C /* blocks */,
				D098FE5F1968DEEC0009723C /* splash_640x1136.png */,
				D098FE601968DEEC0009723C /* startbutton.png */,
				D0EC23A0196B5C12002A92B6 /* background.png */,
			);
			name = Resources;
			path = ../Resources;
			sourceTree = "<group>";
		};
		D04D66C2196F268F00E22B1E /* Extensions */ = {
			isa = PBXGroup;
			children = (
				D04D66C3196F26AB00E22B1E /* Action.swift */,
			);
			path = Extensions;
			sourceTree = "<group>";
		};
		D06FB7771968A93A00193410 /* Bindings */ = {
			isa = PBXGroup;
			children = (
				D06FB7791968A93A00193410 /* Actions */,
				D06FB7821968A93A00193410 /* Audio */,
				D06FB7861968A93A00193410 /* Bridging Headers */,
				D06FB78A1968A93A00193410 /* Events */,
				D04D66C2196F268F00E22B1E /* Extensions */,
				D06FB79B1968A93A00193410 /* Nodes */,
				D06FB7A71968A93A00193410 /* System */,
				D06FB7B01968A93A00193410 /* UI */,
			);
			name = Bindings;
			path = ../Bindings;
			sourceTree = "<group>";
		};
		D06FB7791968A93A00193410 /* Actions */ = {
			isa = PBXGroup;
			children = (
				D06FB77A1968A93A00193410 /* Action.h */,
				D06FB77B1968A93A00193410 /* Action.mm */,
				D04D66C619704D2A00E22B1E /* ActionEase.h */,
				D04D66C719704D2A00E22B1E /* ActionEase.mm */,
				D06FB77C1968A93A00193410 /* ActionInterval.h */,
				D06FB77D1968A93A00193410 /* ActionInterval.mm */,
				D06FB77E1968A93A00193410 /* ActionSequence.h */,
				D06FB77F1968A93A00193410 /* ActionSequence.mm */,
				D06FB7801968A93A00193410 /* Transitions.h */,
				D06FB7811968A93A00193410 /* Transitions.mm */,
			);
			path = Actions;
			sourceTree = "<group>";
		};
		D06FB7821968A93A00193410 /* Audio */ = {
			isa = PBXGroup;
			children = (
				D06FB7831968A93A00193410 /* AudioEngine.h */,
				D06FB7841968A93A00193410 /* AudioEngine.mm */,
			);
			path = Audio;
			sourceTree = "<group>";
		};
		D06FB7861968A93A00193410 /* Bridging Headers */ = {
			isa = PBXGroup;
			children = (
				D06FB7871968A93A00193410 /* cocos-Bridge-Contents.h */,
				D06FB7881968A93A00193410 /* cocos-iOS-Bridging-Header.h */,
				D06FB7891968A93A00193410 /* cocos-Mac-Bridging-Header.h */,
			);
			path = "Bridging Headers";
			sourceTree = "<group>";
		};
		D06FB78A1968A93A00193410 /* Events */ = {
			isa = PBXGroup;
			children = (
				D06FB78B1968A93A00193410 /* Acceleration.h */,
				D06FB78C1968A93A00193410 /* Acceleration.mm */,
				D06FB78D1968A93A00193410 /* Event.h */,
				D06FB78E1968A93A00193410 /* Event.mm */,
				D06FB78F1968A93A00193410 /* EventDispatcher.h */,
				D06FB7901968A93A00193410 /* EventDispatcher.mm */,
				D06FB7911968A93A00193410 /* EventListener.h */,
				D06FB7921968A93A00193410 /* EventListener.mm */,
				D06FB7931968A93A00193410 /* EventListenerAcceleration.h */,
				D06FB7941968A93A00193410 /* EventListenerAcceleration.mm */,
				D06FB7951968A93A00193410 /* EventListenerKeyboard.h */,
				D06FB7961968A93A00193410 /* EventListenerKeyboard.mm */,
				D06FB7971968A93A00193410 /* EventListenerTouch.h */,
				D06FB7981968A93A00193410 /* EventListenerTouch.mm */,
				D06FB7991968A93A00193410 /* Touch.h */,
				D06FB79A1968A93A00193410 /* Touch.mm */,
			);
			path = Events;
			sourceTree = "<group>";
		};
		D06FB79B1968A93A00193410 /* Nodes */ = {
			isa = PBXGroup;
			children = (
				D06FB79C1968A93A00193410 /* Label.h */,
				D06FB79D1968A93A00193410 /* Label.mm */,
				D06FB79E1968A93A00193410 /* Layer.h */,
				D06FB79F1968A93A00193410 /* Layer.mm */,
				D06FB7A01968A93A00193410 /* Node.h */,
				D06FB7A11968A93A00193410 /* Node.mm */,
				D06FB7A21968A93A00193410 /* Scene.h */,
				D06FB7A31968A93A00193410 /* Scene.mm */,
				D06FB7A41968A93A00193410 /* Sprite.h */,
				D06FB7A51968A93A00193410 /* Sprite.mm */,
			);
			path = Nodes;
			sourceTree = "<group>";
		};
		D06FB7A71968A93A00193410 /* System */ = {
			isa = PBXGroup;
			children = (
				D06FB7A81968A93A00193410 /* Console.h */,
				D06FB7A91968A93A00193410 /* Console.mm */,
				D06FB7AA1968A93A00193410 /* Director.h */,
				D06FB7AB1968A93A00193410 /* Director.mm */,
				D06FB7AC1968A93A00193410 /* Ref.h */,
				D06FB7AD1968A93A00193410 /* Ref.mm */,
				D06FB7AE1968A93A00193410 /* Utilities.h */,
				D06FB7AF1968A93A00193410 /* Utilities.mm */,
				D0E167FA196B720D00005057 /* Color.h */,
				D0E167FD196B744E00005057 /* Color.mm */,
			);
			path = System;
			sourceTree = "<group>";
		};
		D06FB7B01968A93A00193410 /* UI */ = {
			isa = PBXGroup;
			children = (
				D06FB7B11968A93A00193410 /* Widget.h */,
				D06FB7B21968A93A00193410 /* Widget.mm */,
			);
			path = UI;
			sourceTree = "<group>";
		};
		D06FB7E71968A98C00193410 /* Swift */ = {
			isa = PBXGroup;
			children = (
				D06FB7E81968A98C00193410 /* Block.swift */,
				D06FB7E91968A98C00193410 /* BlockFactory.swift */,
				D06FB7EA1968A98C00193410 /* Board.swift */,
				D06FB7EB1968A98C00193410 /* Debug.swift */,
				D03DA6001969C6E400F57039 /* Piece.swift */,
				D06FB7EC1968A98C00193410 /* SceneGame.swift */,
				D06FB7ED1968A98C00193410 /* SceneMenu.swift */,
				D06FB7EE1968A98C00193410 /* SceneSplash.swift */,
			);
			name = Swift;
			path = ../Swift;
			sourceTree = "<group>";
		};
		D081E478196B63CD00D8887C /* audio */ = {
			isa = PBXGroup;
			children = (
				D069ADA5196DF7DA00664637 /* drop.mp3 */,
				D069ADA6196DF7DA00664637 /* go.mp3 */,
				D069ADA7196DF7DA00664637 /* level_complete.mp3 */,
				D069ADA8196DF7DA00664637 /* line.mp3 */,
				D069ADA9196DF7DA00664637 /* move.mp3 */,
				D069ADAA196DF7DA00664637 /* no.mp3 */,
				D069ADAB196DF7DA00664637 /* oh_yeah.mp3 */,
				D081E480196B63CD00D8887C /* tetris.mp3 */,
			);
			name = audio;
			path = Audio;
			sourceTree = "<group>";
		};
		D081E493196B63D900D8887C /* fonts */ = {
			isa = PBXGroup;
			children = (
				D069AD39196DB9D500664637 /* Arcade.ttf */,
				D081E494196B63D900D8887C /* edunline.ttf */,
				D081E495196B63D900D8887C /* Marker Felt.ttf */,
			);
			path = fonts;
			sourceTree = "<group>";
		};
		D098FE561968DEEC0009723C /* blocks */ = {
			isa = PBXGroup;
			children = (
				D098FE571968DEEC0009723C /* blue.png */,
				D098FE581968DEEC0009723C /* cyan.png */,
				D098FE591968DEEC0009723C /* green.png */,
				D098FE5A1968DEEC0009723C /* grey.png */,
				D098FE5B1968DEEC0009723C /* magenta.png */,
				D098FE5C1968DEEC0009723C /* orange.png */,
				D098FE5D1968DEEC0009723C /* red.png */,
				D098FE5E1968DEEC0009723C /* yellow.png */,
			);
			path = blocks;
			sourceTree = "<group>";
		};
/* End PBXGroup section */

/* Begin PBXNativeTarget section */
		1D6058900D05DD3D006BFB54 /* SwiftTetris iOS */ = {
			isa = PBXNativeTarget;
			buildConfigurationList = 1D6058960D05DD3E006BFB54 /* Build configuration list for PBXNativeTarget "SwiftTetris iOS" */;
			buildPhases = (
				1D60588D0D05DD3D006BFB54 /* Resources */,
				1D60588E0D05DD3D006BFB54 /* Sources */,
				1D60588F0D05DD3D006BFB54 /* Frameworks */,
			);
			buildRules = (
			);
			dependencies = (
				1AC6FB25180E99E1004C840B /* PBXTargetDependency */,
				1AC6FB27180E99E1004C840B /* PBXTargetDependency */,
				1AC6FB29180E99E1004C840B /* PBXTargetDependency */,
				1AC6FB2B180E99E1004C840B /* PBXTargetDependency */,
				1AC6FB2D180E99E1004C840B /* PBXTargetDependency */,
			);
			name = "SwiftTetris iOS";
			productName = iphone;
			productReference = 1D6058910D05DD3D006BFB54 /* SwiftTetris iOS.app */;
			productType = "com.apple.product-type.application";
		};
		5087E73D17EB910900C73F5D /* SwiftTetris Mac */ = {
			isa = PBXNativeTarget;
			buildConfigurationList = 5087E76C17EB910900C73F5D /* Build configuration list for PBXNativeTarget "SwiftTetris Mac" */;
			buildPhases = (
				5087E74817EB910900C73F5D /* Resources */,
				5087E75617EB910900C73F5D /* Sources */,
				5087E75C17EB910900C73F5D /* Frameworks */,
			);
			buildRules = (
			);
			dependencies = (
				1AC6FB1E180E9963004C840B /* PBXTargetDependency */,
				1AC6FB16180E9959004C840B /* PBXTargetDependency */,
				1AC6FB18180E9959004C840B /* PBXTargetDependency */,
				1AC6FB1A180E9959004C840B /* PBXTargetDependency */,
				1AC6FB1C180E9959004C840B /* PBXTargetDependency */,
			);
			name = "SwiftTetris Mac";
			productName = iphone;
			productReference = 5087E76F17EB910900C73F5D /* SwiftTetris Mac.app */;
			productType = "com.apple.product-type.application";
		};
/* End PBXNativeTarget section */

/* Begin PBXProject section */
		29B97313FDCFA39411CA2CEA /* Project object */ = {
			isa = PBXProject;
			attributes = {
				LastUpgradeCheck = 0500;
				TargetAttributes = {
					1D6058900D05DD3D006BFB54 = {
						DevelopmentTeam = 28GMCHQ34L;
					};
				};
			};
			buildConfigurationList = C01FCF4E08A954540054247B /* Build configuration list for PBXProject "SwiftTetris" */;
			compatibilityVersion = "Xcode 3.2";
			developmentRegion = English;
			hasScannedForEncodings = 1;
			knownRegions = (
				English,
				Japanese,
				French,
				German,
			);
			mainGroup = 29B97314FDCFA39411CA2CEA /* CustomTemplate */;
			projectDirPath = "";
			projectReferences = (
				{
					ProductGroup = 1AC6FAE6180E9839004C840B /* Products */;
					ProjectRef = 1AC6FAE5180E9839004C840B /* cocos2d_libs.xcodeproj */;
				},
			);
			projectRoot = "";
			targets = (
				1D6058900D05DD3D006BFB54 /* SwiftTetris iOS */,
				5087E73D17EB910900C73F5D /* SwiftTetris Mac */,
			);
		};
/* End PBXProject section */

/* Begin PBXReferenceProxy section */
		1AC6FAF9180E9839004C840B /* libcocos2dx Mac.a */ = {
			isa = PBXReferenceProxy;
			fileType = archive.ar;
			path = "libcocos2dx Mac.a";
			remoteRef = 1AC6FAF8180E9839004C840B /* PBXContainerItemProxy */;
			sourceTree = BUILT_PRODUCTS_DIR;
		};
		1AC6FAFB180E9839004C840B /* libcocos2dx-extensions Mac.a */ = {
			isa = PBXReferenceProxy;
			fileType = archive.ar;
			path = "libcocos2dx-extensions Mac.a";
			remoteRef = 1AC6FAFA180E9839004C840B /* PBXContainerItemProxy */;
			sourceTree = BUILT_PRODUCTS_DIR;
		};
		1AC6FAFD180E9839004C840B /* libchipmunk Mac.a */ = {
			isa = PBXReferenceProxy;
			fileType = archive.ar;
			path = "libchipmunk Mac.a";
			remoteRef = 1AC6FAFC180E9839004C840B /* PBXContainerItemProxy */;
			sourceTree = BUILT_PRODUCTS_DIR;
		};
		1AC6FAFF180E9839004C840B /* libbox2d Mac.a */ = {
			isa = PBXReferenceProxy;
			fileType = archive.ar;
			path = "libbox2d Mac.a";
			remoteRef = 1AC6FAFE180E9839004C840B /* PBXContainerItemProxy */;
			sourceTree = BUILT_PRODUCTS_DIR;
		};
		1AC6FB01180E9839004C840B /* libCocosDenshion Mac.a */ = {
			isa = PBXReferenceProxy;
			fileType = archive.ar;
			path = "libCocosDenshion Mac.a";
			remoteRef = 1AC6FB00180E9839004C840B /* PBXContainerItemProxy */;
			sourceTree = BUILT_PRODUCTS_DIR;
		};
		1AC6FB07180E9839004C840B /* libcocos2dx iOS.a */ = {
			isa = PBXReferenceProxy;
			fileType = archive.ar;
			path = "libcocos2dx iOS.a";
			remoteRef = 1AC6FB06180E9839004C840B /* PBXContainerItemProxy */;
			sourceTree = BUILT_PRODUCTS_DIR;
		};
		1AC6FB09180E9839004C840B /* libcocos2dx-extensions iOS.a */ = {
			isa = PBXReferenceProxy;
			fileType = archive.ar;
			path = "libcocos2dx-extensions iOS.a";
			remoteRef = 1AC6FB08180E9839004C840B /* PBXContainerItemProxy */;
			sourceTree = BUILT_PRODUCTS_DIR;
		};
		1AC6FB0B180E9839004C840B /* libchipmunk iOS.a */ = {
			isa = PBXReferenceProxy;
			fileType = archive.ar;
			path = "libchipmunk iOS.a";
			remoteRef = 1AC6FB0A180E9839004C840B /* PBXContainerItemProxy */;
			sourceTree = BUILT_PRODUCTS_DIR;
		};
		1AC6FB0D180E9839004C840B /* libbox2d iOS.a */ = {
			isa = PBXReferenceProxy;
			fileType = archive.ar;
			path = "libbox2d iOS.a";
			remoteRef = 1AC6FB0C180E9839004C840B /* PBXContainerItemProxy */;
			sourceTree = BUILT_PRODUCTS_DIR;
		};
		1AC6FB0F180E9839004C840B /* libCocosDenshion iOS.a */ = {
			isa = PBXReferenceProxy;
			fileType = archive.ar;
			path = "libCocosDenshion iOS.a";
			remoteRef = 1AC6FB0E180E9839004C840B /* PBXContainerItemProxy */;
			sourceTree = BUILT_PRODUCTS_DIR;
		};
/* End PBXReferenceProxy section */

/* Begin PBXResourcesBuildPhase section */
		1D60588D0D05DD3D006BFB54 /* Resources */ = {
			isa = PBXResourcesBuildPhase;
			buildActionMask = 2147483647;
			files = (
				D069ADB2196DF7DA00664637 /* line.mp3 in Resources */,
				5087E78117EB970100C73F5D /* Icon-120.png in Resources */,
				D098FE731968DEEC0009723C /* splash_640x1136.png in Resources */,
				5087E78617EB970100C73F5D /* Icon-76.png in Resources */,
				D098FE711968DEEC0009723C /* yellow.png in Resources */,
				D098FE691968DEEC0009723C /* grey.png in Resources */,
				5087E77F17EB970100C73F5D /* Default@2x.png in Resources */,
				50EF629917ECD46A001EB2F8 /* Icon-100.png in Resources */,
				D081E48F196B63CD00D8887C /* tetris.mp3 in Resources */,
				5087E78317EB970100C73F5D /* Icon-152.png in Resources */,
				5087E77D17EB970100C73F5D /* Default-568h@2x.png in Resources */,
				D081E498196B63D900D8887C /* Marker Felt.ttf in Resources */,
				D069ADAC196DF7DA00664637 /* drop.mp3 in Resources */,
				D081E496196B63D900D8887C /* edunline.ttf in Resources */,
				D0EC23A1196B5C12002A92B6 /* background.png in Resources */,
				D069ADB6196DF7DA00664637 /* no.mp3 in Resources */,
				D098FE611968DEEC0009723C /* Apple_Swift_Logo.png in Resources */,
				5087E78517EB970100C73F5D /* Icon-72.png in Resources */,
				50EF62A317ECD613001EB2F8 /* Icon-50.png in Resources */,
				5087E78017EB970100C73F5D /* Icon-114.png in Resources */,
				50EF62A217ECD613001EB2F8 /* Icon-29.png in Resources */,
				D098FE631968DEEC0009723C /* blue.png in Resources */,
				D098FE651968DEEC0009723C /* cyan.png in Resources */,
				50EF629617ECD46A001EB2F8 /* Icon-40.png in Resources */,
				D069ADB4196DF7DA00664637 /* move.mp3 in Resources */,
				5087E78217EB970100C73F5D /* Icon-144.png in Resources */,
				D069ADAE196DF7DA00664637 /* go.mp3 in Resources */,
				D069ADB0196DF7DA00664637 /* level_complete.mp3 in Resources */,
				50EF629817ECD46A001EB2F8 /* Icon-80.png in Resources */,
				D098FE6B1968DEEC0009723C /* magenta.png in Resources */,
				D069AD3A196DB9D500664637 /* Arcade.ttf in Resources */,
				5087E78417EB970100C73F5D /* Icon-57.png in Resources */,
				D098FE671968DEEC0009723C /* green.png in Resources */,
				D098FE6D1968DEEC0009723C /* orange.png in Resources */,
				D098FE6F1968DEEC0009723C /* red.png in Resources */,
				5087E77E17EB970100C73F5D /* Default.png in Resources */,
				50EF629717ECD46A001EB2F8 /* Icon-58.png in Resources */,
				D098FE751968DEEC0009723C /* startbutton.png in Resources */,
				D069ADB8196DF7DA00664637 /* oh_yeah.mp3 in Resources */,
			);
			runOnlyForDeploymentPostprocessing = 0;
		};
		5087E74817EB910900C73F5D /* Resources */ = {
			isa = PBXResourcesBuildPhase;
			buildActionMask = 2147483647;
			files = (
				D081E490196B63CD00D8887C /* tetris.mp3 in Resources */,
				D098FE6C1968DEEC0009723C /* magenta.png in Resources */,
				D069ADAD196DF7DA00664637 /* drop.mp3 in Resources */,
				D098FE6E1968DEEC0009723C /* orange.png in Resources */,
				D0EC23A2196B5C12002A92B6 /* background.png in Resources */,
				D069ADB9196DF7DA00664637 /* oh_yeah.mp3 in Resources */,
				D069AD3B196DB9D500664637 /* Arcade.ttf in Resources */,
				D069ADB3196DF7DA00664637 /* line.mp3 in Resources */,
				503AE0F817EB97AB00D1A890 /* Icon.icns in Resources */,
				D069ADB5196DF7DA00664637 /* move.mp3 in Resources */,
				D098FE741968DEEC0009723C /* splash_640x1136.png in Resources */,
				D0CC22D2196C7643008D217D /* Images.xcassets in Resources */,
				D069ADB1196DF7DA00664637 /* level_complete.mp3 in Resources */,
				D098FE701968DEEC0009723C /* red.png in Resources */,
				D098FE621968DEEC0009723C /* Apple_Swift_Logo.png in Resources */,
				D069ADAF196DF7DA00664637 /* go.mp3 in Resources */,
				D069ADB7196DF7DA00664637 /* no.mp3 in Resources */,
				D098FE6A1968DEEC0009723C /* grey.png in Resources */,
				D098FE681968DEEC0009723C /* green.png in Resources */,
				D098FE761968DEEC0009723C /* startbutton.png in Resources */,
				D081E497196B63D900D8887C /* edunline.ttf in Resources */,
				D098FE721968DEEC0009723C /* yellow.png in Resources */,
				D098FE661968DEEC0009723C /* cyan.png in Resources */,
				D081E499196B63D900D8887C /* Marker Felt.ttf in Resources */,
				D098FE641968DEEC0009723C /* blue.png in Resources */,
			);
			runOnlyForDeploymentPostprocessing = 0;
		};
/* End PBXResourcesBuildPhase section */

/* Begin PBXSourcesBuildPhase section */
		1D60588E0D05DD3D006BFB54 /* Sources */ = {
			isa = PBXSourcesBuildPhase;
			buildActionMask = 2147483647;
			files = (
				D06FB7BB1968A93A00193410 /* Transitions.mm in Sources */,
				D04D66C4196F26AB00E22B1E /* Action.swift in Sources */,
				D06FB7F91968A98C00193410 /* SceneMenu.swift in Sources */,
				D06FB7B91968A93A00193410 /* ActionSequence.mm in Sources */,
				D06FB7C11968A93A00193410 /* Acceleration.mm in Sources */,
				D06FB7C91968A93A00193410 /* EventListenerAcceleration.mm in Sources */,
				503AE10017EB989F00D1A890 /* AppController.mm in Sources */,
				D06FB7D91968A93A00193410 /* Sprite.mm in Sources */,
				D06FB7E51968A93A00193410 /* Widget.mm in Sources */,
				D06FB7DF1968A93A00193410 /* Director.mm in Sources */,
				D06FB7D31968A93A00193410 /* Layer.mm in Sources */,
				503AE10217EB989F00D1A890 /* RootViewController.mm in Sources */,
				D09F3FFB1968AB8E007FEC67 /* MainScene.cpp in Sources */,
				D06FB7D11968A93A00193410 /* Label.mm in Sources */,
				1AFAF8B716D35DE700DB1158 /* AppDelegate.cpp in Sources */,
				D06FB7F51968A98C00193410 /* Debug.swift in Sources */,
				D06FB7C31968A93A00193410 /* Event.mm in Sources */,
				D06FB7F31968A98C00193410 /* Board.swift in Sources */,
				D06FB7E11968A93A00193410 /* Ref.mm in Sources */,
				D04D66C819704D2A00E22B1E /* ActionEase.mm in Sources */,
				D06FB7C51968A93A00193410 /* EventDispatcher.mm in Sources */,
				D06FB7F71968A98C00193410 /* SceneGame.swift in Sources */,
				D06FB7F11968A98C00193410 /* BlockFactory.swift in Sources */,
				D06FB7DD1968A93A00193410 /* Console.mm in Sources */,
				D06FB7CD1968A93A00193410 /* EventListenerTouch.mm in Sources */,
				D0E167FE196B744E00005057 /* Color.mm in Sources */,
				D06FB7D51968A93A00193410 /* Node.mm in Sources */,
				D06FB7CB1968A93A00193410 /* EventListenerKeyboard.mm in Sources */,
				D06FB7FB1968A98C00193410 /* SceneSplash.swift in Sources */,
				D06FB7D71968A93A00193410 /* Scene.mm in Sources */,
				D06FB7C71968A93A00193410 /* EventListener.mm in Sources */,
				D06FB7B51968A93A00193410 /* Action.mm in Sources */,
				503AE10117EB989F00D1A890 /* main.m in Sources */,
				D06FB7B71968A93A00193410 /* ActionInterval.mm in Sources */,
				D06FB7E31968A93A00193410 /* Utilities.mm in Sources */,
				D03DA6011969C6E400F57039 /* Piece.swift in Sources */,
				D06FB7CF1968A93A00193410 /* Touch.mm in Sources */,
				D06FB7EF1968A98C00193410 /* Block.swift in Sources */,
				D06FB7BD1968A93A00193410 /* AudioEngine.mm in Sources */,
			);
			runOnlyForDeploymentPostprocessing = 0;
		};
		5087E75617EB910900C73F5D /* Sources */ = {
			isa = PBXSourcesBuildPhase;
			buildActionMask = 2147483647;
			files = (
				D06FB7F61968A98C00193410 /* Debug.swift in Sources */,
				D06FB7E41968A93A00193410 /* Utilities.mm in Sources */,
				D06FB7F01968A98C00193410 /* Block.swift in Sources */,
				D06FB7F41968A98C00193410 /* Board.swift in Sources */,
				5087E75717EB910900C73F5D /* AppDelegate.cpp in Sources */,
				D06FB7D41968A93A00193410 /* Layer.mm in Sources */,
				D06FB7D81968A93A00193410 /* Scene.mm in Sources */,
				D06FB7C21968A93A00193410 /* Acceleration.mm in Sources */,
				D06FB7C41968A93A00193410 /* Event.mm in Sources */,
				D06FB7F21968A98C00193410 /* BlockFactory.swift in Sources */,
				D06FB7E21968A93A00193410 /* Ref.mm in Sources */,
				D09F3FFC1968AB8E007FEC67 /* MainScene.cpp in Sources */,
				D06FB7D01968A93A00193410 /* Touch.mm in Sources */,
				D06FB7D21968A93A00193410 /* Label.mm in Sources */,
				D04D66C5196F26AB00E22B1E /* Action.swift in Sources */,
				D06FB7CC1968A93A00193410 /* EventListenerKeyboard.mm in Sources */,
				D06FB7BC1968A93A00193410 /* Transitions.mm in Sources */,
				D06FB7CA1968A93A00193410 /* EventListenerAcceleration.mm in Sources */,
				D04D66C919704D2A00E22B1E /* ActionEase.mm in Sources */,
				503AE10517EB98FF00D1A890 /* main.cpp in Sources */,
				D0E167FF196B744E00005057 /* Color.mm in Sources */,
				D06FB7F81968A98C00193410 /* SceneGame.swift in Sources */,
				D06FB7B81968A93A00193410 /* ActionInterval.mm in Sources */,
				D03DA6021969C6E400F57039 /* Piece.swift in Sources */,
				D06FB7BA1968A93A00193410 /* ActionSequence.mm in Sources */,
				D06FB7FC1968A98C00193410 /* SceneSplash.swift in Sources */,
				D06FB7DA1968A93A00193410 /* Sprite.mm in Sources */,
				D06FB7E01968A93A00193410 /* Director.mm in Sources */,
				D06FB7E61968A93A00193410 /* Widget.mm in Sources */,
				D06FB7CE1968A93A00193410 /* EventListenerTouch.mm in Sources */,
				D06FB7C81968A93A00193410 /* EventListener.mm in Sources */,
				D06FB7BE1968A93A00193410 /* AudioEngine.mm in Sources */,
				D06FB7C61968A93A00193410 /* EventDispatcher.mm in Sources */,
				D06FB7B61968A93A00193410 /* Action.mm in Sources */,
				D06FB7D61968A93A00193410 /* Node.mm in Sources */,
				D06FB7FA1968A98C00193410 /* SceneMenu.swift in Sources */,
				D06FB7DE1968A93A00193410 /* Console.mm in Sources */,
			);
			runOnlyForDeploymentPostprocessing = 0;
		};
/* End PBXSourcesBuildPhase section */

/* Begin PBXTargetDependency section */
		1AC6FB16180E9959004C840B /* PBXTargetDependency */ = {
			isa = PBXTargetDependency;
			name = "cocos2dx Mac";
			targetProxy = 1AC6FB15180E9959004C840B /* PBXContainerItemProxy */;
		};
		1AC6FB18180E9959004C840B /* PBXTargetDependency */ = {
			isa = PBXTargetDependency;
			name = "cocos2dx-extensions Mac";
			targetProxy = 1AC6FB17180E9959004C840B /* PBXContainerItemProxy */;
		};
		1AC6FB1A180E9959004C840B /* PBXTargetDependency */ = {
			isa = PBXTargetDependency;
			name = "chipmunk Mac";
			targetProxy = 1AC6FB19180E9959004C840B /* PBXContainerItemProxy */;
		};
		1AC6FB1C180E9959004C840B /* PBXTargetDependency */ = {
			isa = PBXTargetDependency;
			name = "CocosDenshion Mac";
			targetProxy = 1AC6FB1B180E9959004C840B /* PBXContainerItemProxy */;
		};
		1AC6FB1E180E9963004C840B /* PBXTargetDependency */ = {
			isa = PBXTargetDependency;
			name = "box2d Mac";
			targetProxy = 1AC6FB1D180E9963004C840B /* PBXContainerItemProxy */;
		};
		1AC6FB25180E99E1004C840B /* PBXTargetDependency */ = {
			isa = PBXTargetDependency;
			name = "cocos2dx iOS";
			targetProxy = 1AC6FB24180E99E1004C840B /* PBXContainerItemProxy */;
		};
		1AC6FB27180E99E1004C840B /* PBXTargetDependency */ = {
			isa = PBXTargetDependency;
			name = "cocos2dx-extensions iOS";
			targetProxy = 1AC6FB26180E99E1004C840B /* PBXContainerItemProxy */;
		};
		1AC6FB29180E99E1004C840B /* PBXTargetDependency */ = {
			isa = PBXTargetDependency;
			name = "chipmunk iOS";
			targetProxy = 1AC6FB28180E99E1004C840B /* PBXContainerItemProxy */;
		};
		1AC6FB2B180E99E1004C840B /* PBXTargetDependency */ = {
			isa = PBXTargetDependency;
			name = "box2d iOS";
			targetProxy = 1AC6FB2A180E99E1004C840B /* PBXContainerItemProxy */;
		};
		1AC6FB2D180E99E1004C840B /* PBXTargetDependency */ = {
			isa = PBXTargetDependency;
			name = "CocosDenshion iOS";
			targetProxy = 1AC6FB2C180E99E1004C840B /* PBXContainerItemProxy */;
		};
/* End PBXTargetDependency section */

/* Begin XCBuildConfiguration section */
		1D6058940D05DD3E006BFB54 /* Debug */ = {
			isa = XCBuildConfiguration;
			buildSettings = {
				ALWAYS_SEARCH_USER_PATHS = YES;
				ASSETCATALOG_COMPILER_APPICON_NAME = "AppIcon-2";
				ASSETCATALOG_COMPILER_LAUNCHIMAGE_NAME = LaunchImage;
				CLANG_ENABLE_MODULES = YES;
				CODE_SIGN_IDENTITY = "iPhone Developer";
				"CODE_SIGN_IDENTITY[sdk=iphoneos*]" = "iPhone Developer";
				COMPRESS_PNG_FILES = NO;
				DEFINES_MODULE = YES;
				GCC_DYNAMIC_NO_PIC = NO;
				GCC_INLINES_ARE_PRIVATE_EXTERN = NO;
				GCC_PRECOMPILE_PREFIX_HEADER = YES;
				GCC_PREFIX_HEADER = ios/Prefix.pch;
				GCC_PREPROCESSOR_DEFINITIONS = (
					USE_FILE32API,
					CC_TARGET_OS_IPHONE,
					"COCOS2D_DEBUG=1",
					"CC_ENABLE_CHIPMUNK_INTEGRATION=1",
				);
				GCC_SYMBOLS_PRIVATE_EXTERN = NO;
				HEADER_SEARCH_PATHS = (
					"$(inherited)",
					"$(SRCROOT)/../cocos2d/cocos/platform/ios",
					"$(SRCROOT)/../cocos2d/cocos/platform/ios/Simulation",
				);
				INFOPLIST_FILE = ios/Info.plist;
				IPHONEOS_DEPLOYMENT_TARGET = 5.0;
				LD_RUNPATH_SEARCH_PATHS = "$(inherited) @executable_path/Frameworks";
				LIBRARY_SEARCH_PATHS = "";
				PRODUCT_MODULE_NAME = SwiftTetris;
				PROVISIONING_PROFILE = "";
				SDKROOT = iphoneos;
				SWIFT_OBJC_BRIDGING_HEADER = "../Bindings/Bridging Headers/cocos-iOS-Bridging-Header.h";
				SWIFT_OPTIMIZATION_LEVEL = "-Onone";
				TARGETED_DEVICE_FAMILY = 1;
				USER_HEADER_SEARCH_PATHS = "";
			};
			name = Debug;
		};
		1D6058950D05DD3E006BFB54 /* Release */ = {
			isa = XCBuildConfiguration;
			buildSettings = {
				ALWAYS_SEARCH_USER_PATHS = YES;
				ASSETCATALOG_COMPILER_APPICON_NAME = "AppIcon-2";
				ASSETCATALOG_COMPILER_LAUNCHIMAGE_NAME = LaunchImage;
				CLANG_ENABLE_MODULES = YES;
				CODE_SIGN_IDENTITY = "iPhone Developer";
				"CODE_SIGN_IDENTITY[sdk=iphoneos*]" = "iPhone Developer";
				COMPRESS_PNG_FILES = NO;
				DEFINES_MODULE = YES;
				GCC_INLINES_ARE_PRIVATE_EXTERN = NO;
				GCC_PRECOMPILE_PREFIX_HEADER = YES;
				GCC_PREFIX_HEADER = ios/Prefix.pch;
				GCC_PREPROCESSOR_DEFINITIONS = (
					USE_FILE32API,
					CC_TARGET_OS_IPHONE,
					"CC_ENABLE_CHIPMUNK_INTEGRATION=1",
				);
				GCC_SYMBOLS_PRIVATE_EXTERN = NO;
				HEADER_SEARCH_PATHS = (
					"$(inherited)",
					"$(SRCROOT)/../cocos2d/cocos/platform/ios",
					"$(SRCROOT)/../cocos2d/cocos/platform/ios/Simulation",
				);
				INFOPLIST_FILE = ios/Info.plist;
				IPHONEOS_DEPLOYMENT_TARGET = 5.0;
				LD_RUNPATH_SEARCH_PATHS = "$(inherited) @executable_path/Frameworks";
				LIBRARY_SEARCH_PATHS = "";
				PRODUCT_MODULE_NAME = SwiftTetris;
				PROVISIONING_PROFILE = "";
				SDKROOT = iphoneos;
				SWIFT_OBJC_BRIDGING_HEADER = "../Bindings/Bridging Headers/cocos-iOS-Bridging-Header.h";
				TARGETED_DEVICE_FAMILY = 1;
				USER_HEADER_SEARCH_PATHS = "";
			};
			name = Release;
		};
		5087E76D17EB910900C73F5D /* Debug */ = {
			isa = XCBuildConfiguration;
			buildSettings = {
				ALWAYS_SEARCH_USER_PATHS = YES;
				ARCHS = "$(ARCHS_STANDARD)";
				ASSETCATALOG_COMPILER_APPICON_NAME = AppIcon;
				CLANG_CXX_LANGUAGE_STANDARD = "c++0x";
				CLANG_CXX_LIBRARY = "libc++";
				GCC_DYNAMIC_NO_PIC = NO;
				GCC_INLINES_ARE_PRIVATE_EXTERN = NO;
				GCC_PRECOMPILE_PREFIX_HEADER = YES;
				GCC_PREFIX_HEADER = mac/Prefix.pch;
				GCC_PREPROCESSOR_DEFINITIONS = (
					USE_FILE32API,
					CC_TARGET_OS_MAC,
					"COCOS2D_DEBUG=1",
					"CC_ENABLE_CHIPMUNK_INTEGRATION=1",
				);
				GCC_SYMBOLS_PRIVATE_EXTERN = NO;
				HEADER_SEARCH_PATHS = (
					"$(inherited)",
					"$(SRCROOT)/../cocos2d/cocos/platform/mac",
					"$(SRCROOT)/../cocos2d/external/glfw3/include/mac",
				);
				INFOPLIST_FILE = mac/Info.plist;
				LD_RUNPATH_SEARCH_PATHS = "$(inherited) @executable_path/../Frameworks";
				LIBRARY_SEARCH_PATHS = "";
				PRODUCT_MODULE_NAME = SwiftTetris;
				SWIFT_OBJC_BRIDGING_HEADER = "../Bindings/Bridging Headers/cocos-Mac-Bridging-Header.h";
				USER_HEADER_SEARCH_PATHS = "";
			};
			name = Debug;
		};
		5087E76E17EB910900C73F5D /* Release */ = {
			isa = XCBuildConfiguration;
			buildSettings = {
				ALWAYS_SEARCH_USER_PATHS = YES;
				ARCHS = "$(ARCHS_STANDARD)";
				ASSETCATALOG_COMPILER_APPICON_NAME = AppIcon;
				CLANG_CXX_LANGUAGE_STANDARD = "c++0x";
				CLANG_CXX_LIBRARY = "libc++";
				GCC_INLINES_ARE_PRIVATE_EXTERN = NO;
				GCC_PRECOMPILE_PREFIX_HEADER = YES;
				GCC_PREFIX_HEADER = mac/Prefix.pch;
				GCC_PREPROCESSOR_DEFINITIONS = (
					USE_FILE32API,
					CC_TARGET_OS_MAC,
					"CC_ENABLE_CHIPMUNK_INTEGRATION=1",
				);
				GCC_SYMBOLS_PRIVATE_EXTERN = NO;
				HEADER_SEARCH_PATHS = (
					"$(inherited)",
					"$(SRCROOT)/../cocos2d/cocos/platform/mac",
					"$(SRCROOT)/../cocos2d/external/glfw3/include/mac",
				);
				INFOPLIST_FILE = mac/Info.plist;
				LD_RUNPATH_SEARCH_PATHS = "$(inherited) @executable_path/../Frameworks";
				LIBRARY_SEARCH_PATHS = "";
				PRODUCT_MODULE_NAME = SwiftTetris;
				SWIFT_OBJC_BRIDGING_HEADER = "../Bindings/Bridging Headers/cocos-Mac-Bridging-Header.h";
				USER_HEADER_SEARCH_PATHS = "";
			};
			name = Release;
		};
		C01FCF4F08A954540054247B /* Debug */ = {
			isa = XCBuildConfiguration;
			buildSettings = {
				CLANG_CXX_LANGUAGE_STANDARD = "c++0x";
				CLANG_CXX_LIBRARY = "libc++";
				COPY_PHASE_STRIP = NO;
				GCC_OPTIMIZATION_LEVEL = 0;
				GCC_WARN_ABOUT_RETURN_TYPE = YES;
				GCC_WARN_UNUSED_VARIABLE = YES;
				HEADER_SEARCH_PATHS = (
					"$(SRCROOT)/../cocos2d",
					"$(SRCROOT)/../cocos2d/cocos",
					"$(SRCROOT)/../cocos2d/cocos/base",
					"$(SRCROOT)/../cocos2d/cocos/physics",
					"$(SRCROOT)/../cocos2d/cocos/math",
					"$(SRCROOT)/../cocos2d/cocos/2d",
					"$(SRCROOT)/../cocos2d/cocos/ui",
					"$(SRCROOT)/../cocos2d/cocos/network",
					"$(SRCROOT)/../cocos2d/cocos/audio/include",
					"$(SRCROOT)/../cocos2d/cocos/editor-support",
					"$(SRCROOT)/../cocos2d/extensions",
					"$(SRCROOT)/../cocos2d/external",
					"$(SRCROOT)/../cocos2d/external/chipmunk/include/chipmunk",
				);
				MACOSX_DEPLOYMENT_TARGET = 10.7;
				ONLY_ACTIVE_ARCH = YES;
				PRODUCT_NAME = "$(TARGET_NAME)";
				SDKROOT = macosx;
			};
			name = Debug;
		};
		C01FCF5008A954540054247B /* Release */ = {
			isa = XCBuildConfiguration;
			buildSettings = {
				CLANG_CXX_LANGUAGE_STANDARD = "c++0x";
				CLANG_CXX_LIBRARY = "libc++";
				GCC_WARN_ABOUT_RETURN_TYPE = YES;
				GCC_WARN_UNUSED_VARIABLE = YES;
				HEADER_SEARCH_PATHS = (
					"$(SRCROOT)/../cocos2d",
					"$(SRCROOT)/../cocos2d/cocos",
					"$(SRCROOT)/../cocos2d/cocos/base",
					"$(SRCROOT)/../cocos2d/cocos/physics",
					"$(SRCROOT)/../cocos2d/cocos/math",
					"$(SRCROOT)/../cocos2d/cocos/2d",
					"$(SRCROOT)/../cocos2d/cocos/ui",
					"$(SRCROOT)/../cocos2d/cocos/network",
					"$(SRCROOT)/../cocos2d/cocos/audio/include",
					"$(SRCROOT)/../cocos2d/cocos/editor-support",
					"$(SRCROOT)/../cocos2d/extensions",
					"$(SRCROOT)/../cocos2d/external",
					"$(SRCROOT)/../cocos2d/external/chipmunk/include/chipmunk",
				);
				MACOSX_DEPLOYMENT_TARGET = 10.7;
				OTHER_CFLAGS = "-DNS_BLOCK_ASSERTIONS=1";
				PRODUCT_NAME = "$(TARGET_NAME)";
				SDKROOT = macosx;
				VALIDATE_PRODUCT = YES;
			};
			name = Release;
		};
/* End XCBuildConfiguration section */

/* Begin XCConfigurationList section */
		1D6058960D05DD3E006BFB54 /* Build configuration list for PBXNativeTarget "SwiftTetris iOS" */ = {
			isa = XCConfigurationList;
			buildConfigurations = (
				1D6058940D05DD3E006BFB54 /* Debug */,
				1D6058950D05DD3E006BFB54 /* Release */,
			);
			defaultConfigurationIsVisible = 0;
			defaultConfigurationName = Debug;
		};
		5087E76C17EB910900C73F5D /* Build configuration list for PBXNativeTarget "SwiftTetris Mac" */ = {
			isa = XCConfigurationList;
			buildConfigurations = (
				5087E76D17EB910900C73F5D /* Debug */,
				5087E76E17EB910900C73F5D /* Release */,
			);
			defaultConfigurationIsVisible = 0;
			defaultConfigurationName = Debug;
		};
		C01FCF4E08A954540054247B /* Build configuration list for PBXProject "SwiftTetris" */ = {
			isa = XCConfigurationList;
			buildConfigurations = (
				C01FCF4F08A954540054247B /* Debug */,
				C01FCF5008A954540054247B /* Release */,
			);
			defaultConfigurationIsVisible = 0;
			defaultConfigurationName = Debug;
		};
/* End XCConfigurationList section */
	};
	rootObject = 29B97313FDCFA39411CA2CEA /* Project object */;
}
